// !$*UTF8*$!
{
	archiveVersion = 1;
	classes = {
	};
	objectVersion = 46;
	objects = {

/* Begin PBXBuildFile section */
		1AC6FB21180E996B004C840B /* libcocos2d Mac.a in Frameworks */ = {isa = PBXBuildFile; fileRef = 1AC6FAF9180E9839004C840B /* libcocos2d Mac.a */; };
		1AC6FB30180E99EB004C840B /* libcocos2d iOS.a in Frameworks */ = {isa = PBXBuildFile; fileRef = 1AC6FB07180E9839004C840B /* libcocos2d iOS.a */; };
		1D60589F0D05DD5A006BFB54 /* Foundation.framework in Frameworks */ = {isa = PBXBuildFile; fileRef = 1D30AB110D05D00D00671497 /* Foundation.framework */; };
		1DF5F4E00D08C38300B7A737 /* UIKit.framework in Frameworks */ = {isa = PBXBuildFile; fileRef = 1DF5F4DF0D08C38300B7A737 /* UIKit.framework */; };
		288765A50DF7441C002DB57D /* CoreGraphics.framework in Frameworks */ = {isa = PBXBuildFile; fileRef = 288765A40DF7441C002DB57D /* CoreGraphics.framework */; };
		294D0D641D0D56D500F7F5D4 /* CoreText.framework in Frameworks */ = {isa = PBXBuildFile; fileRef = 294D0D631D0D56D500F7F5D4 /* CoreText.framework */; };
		3EACC98F19EE6D4300EB3C5E /* res in Resources */ = {isa = PBXBuildFile; fileRef = 3EACC98E19EE6D4300EB3C5E /* res */; };
		3EACC99019EE6D4300EB3C5E /* res in Resources */ = {isa = PBXBuildFile; fileRef = 3EACC98E19EE6D4300EB3C5E /* res */; };
		46880B7B19C43A67006E1F66 /* CloseNormal.png in Resources */ = {isa = PBXBuildFile; fileRef = 46880B7619C43A67006E1F66 /* CloseNormal.png */; };
		46880B7C19C43A67006E1F66 /* CloseNormal.png in Resources */ = {isa = PBXBuildFile; fileRef = 46880B7619C43A67006E1F66 /* CloseNormal.png */; };
		46880B7D19C43A67006E1F66 /* CloseSelected.png in Resources */ = {isa = PBXBuildFile; fileRef = 46880B7719C43A67006E1F66 /* CloseSelected.png */; };
		46880B7E19C43A67006E1F66 /* CloseSelected.png in Resources */ = {isa = PBXBuildFile; fileRef = 46880B7719C43A67006E1F66 /* CloseSelected.png */; };
		46880B8119C43A67006E1F66 /* HelloWorld.png in Resources */ = {isa = PBXBuildFile; fileRef = 46880B7A19C43A67006E1F66 /* HelloWorld.png */; };
		46880B8219C43A67006E1F66 /* HelloWorld.png in Resources */ = {isa = PBXBuildFile; fileRef = 46880B7A19C43A67006E1F66 /* HelloWorld.png */; };
		46880B8819C43A87006E1F66 /* AppDelegate.cpp in Sources */ = {isa = PBXBuildFile; fileRef = 46880B8419C43A87006E1F66 /* AppDelegate.cpp */; };
		46880B8919C43A87006E1F66 /* AppDelegate.cpp in Sources */ = {isa = PBXBuildFile; fileRef = 46880B8419C43A87006E1F66 /* AppDelegate.cpp */; };
		503AE0F817EB97AB00D1A890 /* Icon.icns in Resources */ = {isa = PBXBuildFile; fileRef = 503AE0F617EB97AB00D1A890 /* Icon.icns */; };
		503AE10017EB989F00D1A890 /* AppController.mm in Sources */ = {isa = PBXBuildFile; fileRef = 503AE0FB17EB989F00D1A890 /* AppController.mm */; };
		503AE10117EB989F00D1A890 /* main.m in Sources */ = {isa = PBXBuildFile; fileRef = 503AE0FC17EB989F00D1A890 /* main.m */; };
		503AE10217EB989F00D1A890 /* RootViewController.mm in Sources */ = {isa = PBXBuildFile; fileRef = 503AE0FF17EB989F00D1A890 /* RootViewController.mm */; };
		503AE10517EB98FF00D1A890 /* main.cpp in Sources */ = {isa = PBXBuildFile; fileRef = 503AE10317EB98FF00D1A890 /* main.cpp */; };
		503AE11B17EB9C5A00D1A890 /* IOKit.framework in Frameworks */ = {isa = PBXBuildFile; fileRef = 503AE11A17EB9C5A00D1A890 /* IOKit.framework */; };
		5087E76317EB910900C73F5D /* Foundation.framework in Frameworks */ = {isa = PBXBuildFile; fileRef = 1D30AB110D05D00D00671497 /* Foundation.framework */; };
		5087E76717EB910900C73F5D /* libz.dylib in Frameworks */ = {isa = PBXBuildFile; fileRef = BF170DB412928DE900B8313A /* libz.dylib */; };
		5087E76817EB910900C73F5D /* QuartzCore.framework in Frameworks */ = {isa = PBXBuildFile; fileRef = BF1C47EA1293683800B63C5D /* QuartzCore.framework */; };
		5087E76917EB910900C73F5D /* OpenAL.framework in Frameworks */ = {isa = PBXBuildFile; fileRef = D44C620B132DFF330009C878 /* OpenAL.framework */; };
		5087E76A17EB910900C73F5D /* AVFoundation.framework in Frameworks */ = {isa = PBXBuildFile; fileRef = D44C620D132DFF430009C878 /* AVFoundation.framework */; };
		5087E76B17EB910900C73F5D /* AudioToolbox.framework in Frameworks */ = {isa = PBXBuildFile; fileRef = D44C620F132DFF4E0009C878 /* AudioToolbox.framework */; };
		5087E77D17EB970100C73F5D /* Default-568h@2x.png in Resources */ = {isa = PBXBuildFile; fileRef = 5087E77217EB970100C73F5D /* Default-568h@2x.png */; };
		5087E77E17EB970100C73F5D /* Default.png in Resources */ = {isa = PBXBuildFile; fileRef = 5087E77317EB970100C73F5D /* Default.png */; };
		5087E77F17EB970100C73F5D /* Default@2x.png in Resources */ = {isa = PBXBuildFile; fileRef = 5087E77417EB970100C73F5D /* Default@2x.png */; };
		5087E78017EB970100C73F5D /* Icon-114.png in Resources */ = {isa = PBXBuildFile; fileRef = 5087E77517EB970100C73F5D /* Icon-114.png */; };
		5087E78117EB970100C73F5D /* Icon-120.png in Resources */ = {isa = PBXBuildFile; fileRef = 5087E77617EB970100C73F5D /* Icon-120.png */; };
		5087E78217EB970100C73F5D /* Icon-144.png in Resources */ = {isa = PBXBuildFile; fileRef = 5087E77717EB970100C73F5D /* Icon-144.png */; };
		5087E78317EB970100C73F5D /* Icon-152.png in Resources */ = {isa = PBXBuildFile; fileRef = 5087E77817EB970100C73F5D /* Icon-152.png */; };
		5087E78417EB970100C73F5D /* Icon-57.png in Resources */ = {isa = PBXBuildFile; fileRef = 5087E77917EB970100C73F5D /* Icon-57.png */; };
		5087E78517EB970100C73F5D /* Icon-72.png in Resources */ = {isa = PBXBuildFile; fileRef = 5087E77A17EB970100C73F5D /* Icon-72.png */; };
		5087E78617EB970100C73F5D /* Icon-76.png in Resources */ = {isa = PBXBuildFile; fileRef = 5087E77B17EB970100C73F5D /* Icon-76.png */; };
		5087E78917EB974C00C73F5D /* AppKit.framework in Frameworks */ = {isa = PBXBuildFile; fileRef = 5087E78817EB974C00C73F5D /* AppKit.framework */; };
		5087E78B17EB975400C73F5D /* OpenGL.framework in Frameworks */ = {isa = PBXBuildFile; fileRef = 5087E78A17EB975400C73F5D /* OpenGL.framework */; };
		50EF629617ECD46A001EB2F8 /* Icon-40.png in Resources */ = {isa = PBXBuildFile; fileRef = 50EF629217ECD46A001EB2F8 /* Icon-40.png */; };
		50EF629717ECD46A001EB2F8 /* Icon-58.png in Resources */ = {isa = PBXBuildFile; fileRef = 50EF629317ECD46A001EB2F8 /* Icon-58.png */; };
		50EF629817ECD46A001EB2F8 /* Icon-80.png in Resources */ = {isa = PBXBuildFile; fileRef = 50EF629417ECD46A001EB2F8 /* Icon-80.png */; };
		50EF629917ECD46A001EB2F8 /* Icon-100.png in Resources */ = {isa = PBXBuildFile; fileRef = 50EF629517ECD46A001EB2F8 /* Icon-100.png */; };
		50EF62A217ECD613001EB2F8 /* Icon-29.png in Resources */ = {isa = PBXBuildFile; fileRef = 50EF62A017ECD613001EB2F8 /* Icon-29.png */; };
		50EF62A317ECD613001EB2F8 /* Icon-50.png in Resources */ = {isa = PBXBuildFile; fileRef = 50EF62A117ECD613001EB2F8 /* Icon-50.png */; };
		521A8E6419F0C34300D177D7 /* Default-667h@2x.png in Resources */ = {isa = PBXBuildFile; fileRef = 521A8E6219F0C34300D177D7 /* Default-667h@2x.png */; };
		521A8E6519F0C34300D177D7 /* Default-736h@3x.png in Resources */ = {isa = PBXBuildFile; fileRef = 521A8E6319F0C34300D177D7 /* Default-736h@3x.png */; };
		521A8EA919F11F5000D177D7 /* fonts in Resources */ = {isa = PBXBuildFile; fileRef = 521A8EA819F11F5000D177D7 /* fonts */; };
		521A8EAA19F11F5000D177D7 /* fonts in Resources */ = {isa = PBXBuildFile; fileRef = 521A8EA819F11F5000D177D7 /* fonts */; };
		52B47A471A53D09C004E4C60 /* Security.framework in Frameworks */ = {isa = PBXBuildFile; fileRef = 52B47A461A53D09B004E4C60 /* Security.framework */; };
		8262943E1AAF051F00CB7CF7 /* Security.framework in Frameworks */ = {isa = PBXBuildFile; fileRef = 8262943D1AAF051F00CB7CF7 /* Security.framework */; };
		BF171245129291EC00B8313A /* OpenGLES.framework in Frameworks */ = {isa = PBXBuildFile; fileRef = BF170DB012928DE900B8313A /* OpenGLES.framework */; };
		BF1712471292920000B8313A /* libz.dylib in Frameworks */ = {isa = PBXBuildFile; fileRef = BF170DB412928DE900B8313A /* libz.dylib */; };
		BF1C47F01293687400B63C5D /* QuartzCore.framework in Frameworks */ = {isa = PBXBuildFile; fileRef = BF1C47EA1293683800B63C5D /* QuartzCore.framework */; };
		D44C620C132DFF330009C878 /* OpenAL.framework in Frameworks */ = {isa = PBXBuildFile; fileRef = D44C620B132DFF330009C878 /* OpenAL.framework */; };
		D44C620E132DFF430009C878 /* AVFoundation.framework in Frameworks */ = {isa = PBXBuildFile; fileRef = D44C620D132DFF430009C878 /* AVFoundation.framework */; };
		D44C6210132DFF4E0009C878 /* AudioToolbox.framework in Frameworks */ = {isa = PBXBuildFile; fileRef = D44C620F132DFF4E0009C878 /* AudioToolbox.framework */; };
		D6B0611B1803AB670077942B /* CoreMotion.framework in Frameworks */ = {isa = PBXBuildFile; fileRef = D6B0611A1803AB670077942B /* CoreMotion.framework */; };
		ED545A7C1B68A1F400C3958E /* libiconv.dylib in Frameworks */ = {isa = PBXBuildFile; fileRef = ED545A7B1B68A1F400C3958E /* libiconv.dylib */; };
		ED545A7E1B68A1FA00C3958E /* libiconv.dylib in Frameworks */ = {isa = PBXBuildFile; fileRef = ED545A7D1B68A1FA00C3958E /* libiconv.dylib */; };
		FAC79D5E1E08E3070050A827 /* AnimationBaseTest.cpp in Sources */ = {isa = PBXBuildFile; fileRef = FAC79CEA1E08E3070050A827 /* AnimationBaseTest.cpp */; };
		FAC79D5F1E08E3070050A827 /* AnimationBaseTest.cpp in Sources */ = {isa = PBXBuildFile; fileRef = FAC79CEA1E08E3070050A827 /* AnimationBaseTest.cpp */; };
		FAC79D601E08E3070050A827 /* CoreElement.cpp in Sources */ = {isa = PBXBuildFile; fileRef = FAC79CEC1E08E3070050A827 /* CoreElement.cpp */; };
		FAC79D611E08E3070050A827 /* CoreElement.cpp in Sources */ = {isa = PBXBuildFile; fileRef = FAC79CEC1E08E3070050A827 /* CoreElement.cpp */; };
		FAC79D621E08E3070050A827 /* Animation.cpp in Sources */ = {isa = PBXBuildFile; fileRef = FAC79CF01E08E3070050A827 /* Animation.cpp */; };
		FAC79D631E08E3070050A827 /* Animation.cpp in Sources */ = {isa = PBXBuildFile; fileRef = FAC79CF01E08E3070050A827 /* Animation.cpp */; };
		FAC79D641E08E3070050A827 /* AnimationState.cpp in Sources */ = {isa = PBXBuildFile; fileRef = FAC79CF21E08E3070050A827 /* AnimationState.cpp */; };
		FAC79D651E08E3070050A827 /* AnimationState.cpp in Sources */ = {isa = PBXBuildFile; fileRef = FAC79CF21E08E3070050A827 /* AnimationState.cpp */; };
		FAC79D661E08E3070050A827 /* TimelineState.cpp in Sources */ = {isa = PBXBuildFile; fileRef = FAC79CF61E08E3070050A827 /* TimelineState.cpp */; };
		FAC79D671E08E3070050A827 /* TimelineState.cpp in Sources */ = {isa = PBXBuildFile; fileRef = FAC79CF61E08E3070050A827 /* TimelineState.cpp */; };
		FAC79D681E08E3070050A827 /* WorldClock.cpp in Sources */ = {isa = PBXBuildFile; fileRef = FAC79CF81E08E3070050A827 /* WorldClock.cpp */; };
		FAC79D691E08E3070050A827 /* WorldClock.cpp in Sources */ = {isa = PBXBuildFile; fileRef = FAC79CF81E08E3070050A827 /* WorldClock.cpp */; };
		FAC79D6A1E08E3070050A827 /* Armature.cpp in Sources */ = {isa = PBXBuildFile; fileRef = FAC79CFB1E08E3070050A827 /* Armature.cpp */; };
		FAC79D6B1E08E3070050A827 /* Armature.cpp in Sources */ = {isa = PBXBuildFile; fileRef = FAC79CFB1E08E3070050A827 /* Armature.cpp */; };
		FAC79D6C1E08E3070050A827 /* Bone.cpp in Sources */ = {isa = PBXBuildFile; fileRef = FAC79CFD1E08E3070050A827 /* Bone.cpp */; };
		FAC79D6D1E08E3070050A827 /* Bone.cpp in Sources */ = {isa = PBXBuildFile; fileRef = FAC79CFD1E08E3070050A827 /* Bone.cpp */; };
		FAC79D6E1E08E3070050A827 /* Slot.cpp in Sources */ = {isa = PBXBuildFile; fileRef = FAC79D001E08E3070050A827 /* Slot.cpp */; };
		FAC79D6F1E08E3070050A827 /* Slot.cpp in Sources */ = {isa = PBXBuildFile; fileRef = FAC79D001E08E3070050A827 /* Slot.cpp */; };
		FAC79D701E08E3070050A827 /* CCArmatureDisplay.cpp in Sources */ = {isa = PBXBuildFile; fileRef = FAC79D041E08E3070050A827 /* CCArmatureDisplay.cpp */; };
		FAC79D711E08E3070050A827 /* CCArmatureDisplay.cpp in Sources */ = {isa = PBXBuildFile; fileRef = FAC79D041E08E3070050A827 /* CCArmatureDisplay.cpp */; };
		FAC79D721E08E3070050A827 /* CCFactory.cpp in Sources */ = {isa = PBXBuildFile; fileRef = FAC79D071E08E3070050A827 /* CCFactory.cpp */; };
		FAC79D731E08E3070050A827 /* CCFactory.cpp in Sources */ = {isa = PBXBuildFile; fileRef = FAC79D071E08E3070050A827 /* CCFactory.cpp */; };
		FAC79D741E08E3070050A827 /* CCSlot.cpp in Sources */ = {isa = PBXBuildFile; fileRef = FAC79D091E08E3070050A827 /* CCSlot.cpp */; };
		FAC79D751E08E3070050A827 /* CCSlot.cpp in Sources */ = {isa = PBXBuildFile; fileRef = FAC79D091E08E3070050A827 /* CCSlot.cpp */; };
		FAC79D761E08E3070050A827 /* CCTextureData.cpp in Sources */ = {isa = PBXBuildFile; fileRef = FAC79D0B1E08E3070050A827 /* CCTextureData.cpp */; };
		FAC79D771E08E3070050A827 /* CCTextureData.cpp in Sources */ = {isa = PBXBuildFile; fileRef = FAC79D0B1E08E3070050A827 /* CCTextureData.cpp */; };
		FAC79D781E08E3070050A827 /* BaseObject.cpp in Sources */ = {isa = PBXBuildFile; fileRef = FAC79D0E1E08E3070050A827 /* BaseObject.cpp */; };
		FAC79D791E08E3070050A827 /* BaseObject.cpp in Sources */ = {isa = PBXBuildFile; fileRef = FAC79D0E1E08E3070050A827 /* BaseObject.cpp */; };
		FAC79D7A1E08E3070050A827 /* EventObject.cpp in Sources */ = {isa = PBXBuildFile; fileRef = FAC79D131E08E3070050A827 /* EventObject.cpp */; };
		FAC79D7B1E08E3070050A827 /* EventObject.cpp in Sources */ = {isa = PBXBuildFile; fileRef = FAC79D131E08E3070050A827 /* EventObject.cpp */; };
		FAC79D7C1E08E3070050A827 /* BaseFactory.cpp in Sources */ = {isa = PBXBuildFile; fileRef = FAC79D161E08E3070050A827 /* BaseFactory.cpp */; };
		FAC79D7D1E08E3070050A827 /* BaseFactory.cpp in Sources */ = {isa = PBXBuildFile; fileRef = FAC79D161E08E3070050A827 /* BaseFactory.cpp */; };
		FAC79D7E1E08E3070050A827 /* AnimationData.cpp in Sources */ = {isa = PBXBuildFile; fileRef = FAC79D1F1E08E3070050A827 /* AnimationData.cpp */; };
		FAC79D7F1E08E3070050A827 /* AnimationData.cpp in Sources */ = {isa = PBXBuildFile; fileRef = FAC79D1F1E08E3070050A827 /* AnimationData.cpp */; };
		FAC79D801E08E3070050A827 /* ArmatureData.cpp in Sources */ = {isa = PBXBuildFile; fileRef = FAC79D211E08E3070050A827 /* ArmatureData.cpp */; };
		FAC79D811E08E3070050A827 /* ArmatureData.cpp in Sources */ = {isa = PBXBuildFile; fileRef = FAC79D211E08E3070050A827 /* ArmatureData.cpp */; };
		FAC79D821E08E3070050A827 /* DragonBonesData.cpp in Sources */ = {isa = PBXBuildFile; fileRef = FAC79D231E08E3070050A827 /* DragonBonesData.cpp */; };
		FAC79D831E08E3070050A827 /* DragonBonesData.cpp in Sources */ = {isa = PBXBuildFile; fileRef = FAC79D231E08E3070050A827 /* DragonBonesData.cpp */; };
		FAC79D841E08E3070050A827 /* FrameData.cpp in Sources */ = {isa = PBXBuildFile; fileRef = FAC79D251E08E3070050A827 /* FrameData.cpp */; };
		FAC79D851E08E3070050A827 /* FrameData.cpp in Sources */ = {isa = PBXBuildFile; fileRef = FAC79D251E08E3070050A827 /* FrameData.cpp */; };
		FAC79D861E08E3070050A827 /* TimelineData.cpp in Sources */ = {isa = PBXBuildFile; fileRef = FAC79D271E08E3070050A827 /* TimelineData.cpp */; };
		FAC79D871E08E3070050A827 /* TimelineData.cpp in Sources */ = {isa = PBXBuildFile; fileRef = FAC79D271E08E3070050A827 /* TimelineData.cpp */; };
		FAC79D881E08E3070050A827 /* DataParser.cpp in Sources */ = {isa = PBXBuildFile; fileRef = FAC79D2A1E08E3070050A827 /* DataParser.cpp */; };
		FAC79D891E08E3070050A827 /* DataParser.cpp in Sources */ = {isa = PBXBuildFile; fileRef = FAC79D2A1E08E3070050A827 /* DataParser.cpp */; };
		FAC79D8A1E08E3070050A827 /* JSONDataParser.cpp in Sources */ = {isa = PBXBuildFile; fileRef = FAC79D2C1E08E3070050A827 /* JSONDataParser.cpp */; };
		FAC79D8B1E08E3070050A827 /* JSONDataParser.cpp in Sources */ = {isa = PBXBuildFile; fileRef = FAC79D2C1E08E3070050A827 /* JSONDataParser.cpp */; };
		FAC79D8C1E08E3070050A827 /* TextureData.cpp in Sources */ = {isa = PBXBuildFile; fileRef = FAC79D2F1E08E3070050A827 /* TextureData.cpp */; };
		FAC79D8D1E08E3070050A827 /* TextureData.cpp in Sources */ = {isa = PBXBuildFile; fileRef = FAC79D2F1E08E3070050A827 /* TextureData.cpp */; };
		FAC79D8E1E08E3080050A827 /* HelloDragonBones.cpp in Sources */ = {isa = PBXBuildFile; fileRef = FAC79D311E08E3070050A827 /* HelloDragonBones.cpp */; };
		FAC79D8F1E08E3080050A827 /* HelloDragonBones.cpp in Sources */ = {isa = PBXBuildFile; fileRef = FAC79D311E08E3070050A827 /* HelloDragonBones.cpp */; };
		FAC79D901E08E3080050A827 /* Knight.cpp in Sources */ = {isa = PBXBuildFile; fileRef = FAC79D331E08E3070050A827 /* Knight.cpp */; };
		FAC79D911E08E3080050A827 /* Knight.cpp in Sources */ = {isa = PBXBuildFile; fileRef = FAC79D331E08E3070050A827 /* Knight.cpp */; };
		FAC79D921E08E3080050A827 /* PerformanceTest.cpp in Sources */ = {isa = PBXBuildFile; fileRef = FAC79D351E08E3070050A827 /* PerformanceTest.cpp */; };
		FAC79D931E08E3080050A827 /* PerformanceTest.cpp in Sources */ = {isa = PBXBuildFile; fileRef = FAC79D351E08E3070050A827 /* PerformanceTest.cpp */; };
/* End PBXBuildFile section */

/* Begin PBXContainerItemProxy section */
		1AC6FAF8180E9839004C840B /* PBXContainerItemProxy */ = {
			isa = PBXContainerItemProxy;
			containerPortal = 1AC6FAE5180E9839004C840B /* cocos2d_libs.xcodeproj */;
			proxyType = 2;
			remoteGlobalIDString = 1551A33F158F2AB200E66CFE;
			remoteInfo = "cocos2dx Mac";
		};
		1AC6FB06180E9839004C840B /* PBXContainerItemProxy */ = {
			isa = PBXContainerItemProxy;
			containerPortal = 1AC6FAE5180E9839004C840B /* cocos2d_libs.xcodeproj */;
			proxyType = 2;
			remoteGlobalIDString = A07A4D641783777C0073F6A7;
			remoteInfo = "cocos2dx iOS";
		};
		1AC6FB15180E9959004C840B /* PBXContainerItemProxy */ = {
			isa = PBXContainerItemProxy;
			containerPortal = 1AC6FAE5180E9839004C840B /* cocos2d_libs.xcodeproj */;
			proxyType = 1;
			remoteGlobalIDString = 1551A33E158F2AB200E66CFE;
			remoteInfo = "cocos2dx Mac";
		};
		1AC6FB24180E99E1004C840B /* PBXContainerItemProxy */ = {
			isa = PBXContainerItemProxy;
			containerPortal = 1AC6FAE5180E9839004C840B /* cocos2d_libs.xcodeproj */;
			proxyType = 1;
			remoteGlobalIDString = A07A4C241783777C0073F6A7;
			remoteInfo = "cocos2dx iOS";
		};
		FAC79CE81E08E2F90050A827 /* PBXContainerItemProxy */ = {
			isa = PBXContainerItemProxy;
			containerPortal = 1AC6FAE5180E9839004C840B /* cocos2d_libs.xcodeproj */;
			proxyType = 2;
			remoteGlobalIDString = 507B40FD1C31BDD30067B53E;
			remoteInfo = "libcocos2d tvOS";
		};
/* End PBXContainerItemProxy section */

/* Begin PBXFileReference section */
		1AC6FAE5180E9839004C840B /* cocos2d_libs.xcodeproj */ = {isa = PBXFileReference; lastKnownFileType = "wrapper.pb-project"; name = cocos2d_libs.xcodeproj; path = ../cocos2d/build/cocos2d_libs.xcodeproj; sourceTree = "<group>"; };
		1ACB3243164770DE00914215 /* libcurl.a */ = {isa = PBXFileReference; lastKnownFileType = archive.ar; name = libcurl.a; path = ../../cocos2dx/platform/third_party/ios/libraries/libcurl.a; sourceTree = "<group>"; };
		1D30AB110D05D00D00671497 /* Foundation.framework */ = {isa = PBXFileReference; lastKnownFileType = wrapper.framework; name = Foundation.framework; path = System/Library/Frameworks/Foundation.framework; sourceTree = SDKROOT; };
		1D6058910D05DD3D006BFB54 /* TestDragon-mobile.app */ = {isa = PBXFileReference; explicitFileType = wrapper.application; includeInIndex = 0; path = "TestDragon-mobile.app"; sourceTree = BUILT_PRODUCTS_DIR; };
		1DF5F4DF0D08C38300B7A737 /* UIKit.framework */ = {isa = PBXFileReference; lastKnownFileType = wrapper.framework; name = UIKit.framework; path = System/Library/Frameworks/UIKit.framework; sourceTree = SDKROOT; };
		288765A40DF7441C002DB57D /* CoreGraphics.framework */ = {isa = PBXFileReference; lastKnownFileType = wrapper.framework; name = CoreGraphics.framework; path = System/Library/Frameworks/CoreGraphics.framework; sourceTree = SDKROOT; };
		294D0D631D0D56D500F7F5D4 /* CoreText.framework */ = {isa = PBXFileReference; lastKnownFileType = wrapper.framework; name = CoreText.framework; path = Platforms/iPhoneOS.platform/Developer/SDKs/iPhoneOS9.3.sdk/System/Library/Frameworks/CoreText.framework; sourceTree = DEVELOPER_DIR; };
		3EACC98E19EE6D4300EB3C5E /* res */ = {isa = PBXFileReference; lastKnownFileType = folder; path = res; sourceTree = "<group>"; };
		46880B7619C43A67006E1F66 /* CloseNormal.png */ = {isa = PBXFileReference; lastKnownFileType = image.png; path = CloseNormal.png; sourceTree = "<group>"; };
		46880B7719C43A67006E1F66 /* CloseSelected.png */ = {isa = PBXFileReference; lastKnownFileType = image.png; path = CloseSelected.png; sourceTree = "<group>"; };
		46880B7A19C43A67006E1F66 /* HelloWorld.png */ = {isa = PBXFileReference; lastKnownFileType = image.png; path = HelloWorld.png; sourceTree = "<group>"; };
		46880B8419C43A87006E1F66 /* AppDelegate.cpp */ = {isa = PBXFileReference; fileEncoding = 4; lastKnownFileType = sourcecode.cpp.cpp; path = AppDelegate.cpp; sourceTree = "<group>"; };
		46880B8519C43A87006E1F66 /* AppDelegate.h */ = {isa = PBXFileReference; fileEncoding = 4; lastKnownFileType = sourcecode.c.h; path = AppDelegate.h; sourceTree = "<group>"; };
		503AE0F617EB97AB00D1A890 /* Icon.icns */ = {isa = PBXFileReference; lastKnownFileType = image.icns; path = Icon.icns; sourceTree = "<group>"; };
		503AE0F717EB97AB00D1A890 /* Info.plist */ = {isa = PBXFileReference; fileEncoding = 4; lastKnownFileType = text.plist.xml; path = Info.plist; sourceTree = "<group>"; };
		503AE0FA17EB989F00D1A890 /* AppController.h */ = {isa = PBXFileReference; fileEncoding = 4; lastKnownFileType = sourcecode.c.h; name = AppController.h; path = ios/AppController.h; sourceTree = SOURCE_ROOT; };
		503AE0FB17EB989F00D1A890 /* AppController.mm */ = {isa = PBXFileReference; fileEncoding = 4; lastKnownFileType = sourcecode.cpp.objcpp; name = AppController.mm; path = ios/AppController.mm; sourceTree = SOURCE_ROOT; };
		503AE0FC17EB989F00D1A890 /* main.m */ = {isa = PBXFileReference; fileEncoding = 4; lastKnownFileType = sourcecode.c.objc; name = main.m; path = ios/main.m; sourceTree = SOURCE_ROOT; };
		503AE0FD17EB989F00D1A890 /* Prefix.pch */ = {isa = PBXFileReference; fileEncoding = 4; lastKnownFileType = sourcecode.c.h; name = Prefix.pch; path = ios/Prefix.pch; sourceTree = SOURCE_ROOT; };
		503AE0FE17EB989F00D1A890 /* RootViewController.h */ = {isa = PBXFileReference; fileEncoding = 4; lastKnownFileType = sourcecode.c.h; name = RootViewController.h; path = ios/RootViewController.h; sourceTree = SOURCE_ROOT; };
		503AE0FF17EB989F00D1A890 /* RootViewController.mm */ = {isa = PBXFileReference; fileEncoding = 4; lastKnownFileType = sourcecode.cpp.objcpp; name = RootViewController.mm; path = ios/RootViewController.mm; sourceTree = SOURCE_ROOT; };
		503AE10317EB98FF00D1A890 /* main.cpp */ = {isa = PBXFileReference; fileEncoding = 4; lastKnownFileType = sourcecode.cpp.cpp; name = main.cpp; path = mac/main.cpp; sourceTree = "<group>"; };
		503AE10417EB98FF00D1A890 /* Prefix.pch */ = {isa = PBXFileReference; fileEncoding = 4; lastKnownFileType = sourcecode.c.h; name = Prefix.pch; path = mac/Prefix.pch; sourceTree = "<group>"; };
		503AE11117EB99EE00D1A890 /* libcurl.dylib */ = {isa = PBXFileReference; lastKnownFileType = "compiled.mach-o.dylib"; name = libcurl.dylib; path = usr/lib/libcurl.dylib; sourceTree = SDKROOT; };
		503AE11A17EB9C5A00D1A890 /* IOKit.framework */ = {isa = PBXFileReference; lastKnownFileType = wrapper.framework; name = IOKit.framework; path = System/Library/Frameworks/IOKit.framework; sourceTree = SDKROOT; };
		5087E76F17EB910900C73F5D /* TestDragon-desktop.app */ = {isa = PBXFileReference; explicitFileType = wrapper.application; includeInIndex = 0; path = "TestDragon-desktop.app"; sourceTree = BUILT_PRODUCTS_DIR; };
		5087E77217EB970100C73F5D /* Default-568h@2x.png */ = {isa = PBXFileReference; lastKnownFileType = image.png; path = "Default-568h@2x.png"; sourceTree = "<group>"; };
		5087E77317EB970100C73F5D /* Default.png */ = {isa = PBXFileReference; lastKnownFileType = image.png; path = Default.png; sourceTree = "<group>"; };
		5087E77417EB970100C73F5D /* Default@2x.png */ = {isa = PBXFileReference; lastKnownFileType = image.png; path = "Default@2x.png"; sourceTree = "<group>"; };
		5087E77517EB970100C73F5D /* Icon-114.png */ = {isa = PBXFileReference; lastKnownFileType = image.png; path = "Icon-114.png"; sourceTree = "<group>"; };
		5087E77617EB970100C73F5D /* Icon-120.png */ = {isa = PBXFileReference; lastKnownFileType = image.png; path = "Icon-120.png"; sourceTree = "<group>"; };
		5087E77717EB970100C73F5D /* Icon-144.png */ = {isa = PBXFileReference; lastKnownFileType = image.png; path = "Icon-144.png"; sourceTree = "<group>"; };
		5087E77817EB970100C73F5D /* Icon-152.png */ = {isa = PBXFileReference; lastKnownFileType = image.png; path = "Icon-152.png"; sourceTree = "<group>"; };
		5087E77917EB970100C73F5D /* Icon-57.png */ = {isa = PBXFileReference; lastKnownFileType = image.png; path = "Icon-57.png"; sourceTree = "<group>"; };
		5087E77A17EB970100C73F5D /* Icon-72.png */ = {isa = PBXFileReference; lastKnownFileType = image.png; path = "Icon-72.png"; sourceTree = "<group>"; };
		5087E77B17EB970100C73F5D /* Icon-76.png */ = {isa = PBXFileReference; lastKnownFileType = image.png; path = "Icon-76.png"; sourceTree = "<group>"; };
		5087E77C17EB970100C73F5D /* Info.plist */ = {isa = PBXFileReference; fileEncoding = 4; lastKnownFileType = text.plist.xml; path = Info.plist; sourceTree = "<group>"; };
		5087E78817EB974C00C73F5D /* AppKit.framework */ = {isa = PBXFileReference; lastKnownFileType = wrapper.framework; name = AppKit.framework; path = System/Library/Frameworks/AppKit.framework; sourceTree = SDKROOT; };
		5087E78A17EB975400C73F5D /* OpenGL.framework */ = {isa = PBXFileReference; lastKnownFileType = wrapper.framework; name = OpenGL.framework; path = System/Library/Frameworks/OpenGL.framework; sourceTree = SDKROOT; };
		50EF629217ECD46A001EB2F8 /* Icon-40.png */ = {isa = PBXFileReference; lastKnownFileType = image.png; path = "Icon-40.png"; sourceTree = "<group>"; };
		50EF629317ECD46A001EB2F8 /* Icon-58.png */ = {isa = PBXFileReference; lastKnownFileType = image.png; path = "Icon-58.png"; sourceTree = "<group>"; };
		50EF629417ECD46A001EB2F8 /* Icon-80.png */ = {isa = PBXFileReference; lastKnownFileType = image.png; path = "Icon-80.png"; sourceTree = "<group>"; };
		50EF629517ECD46A001EB2F8 /* Icon-100.png */ = {isa = PBXFileReference; lastKnownFileType = image.png; path = "Icon-100.png"; sourceTree = "<group>"; };
		50EF62A017ECD613001EB2F8 /* Icon-29.png */ = {isa = PBXFileReference; lastKnownFileType = image.png; path = "Icon-29.png"; sourceTree = "<group>"; };
		50EF62A117ECD613001EB2F8 /* Icon-50.png */ = {isa = PBXFileReference; lastKnownFileType = image.png; path = "Icon-50.png"; sourceTree = "<group>"; };
		521A8E6219F0C34300D177D7 /* Default-667h@2x.png */ = {isa = PBXFileReference; lastKnownFileType = image.png; path = "Default-667h@2x.png"; sourceTree = "<group>"; };
		521A8E6319F0C34300D177D7 /* Default-736h@3x.png */ = {isa = PBXFileReference; lastKnownFileType = image.png; path = "Default-736h@3x.png"; sourceTree = "<group>"; };
		521A8EA819F11F5000D177D7 /* fonts */ = {isa = PBXFileReference; lastKnownFileType = folder; path = fonts; sourceTree = "<group>"; };
		52B47A461A53D09B004E4C60 /* Security.framework */ = {isa = PBXFileReference; lastKnownFileType = wrapper.framework; name = Security.framework; path = Platforms/iPhoneOS.platform/Developer/SDKs/iPhoneOS8.1.sdk/System/Library/Frameworks/Security.framework; sourceTree = DEVELOPER_DIR; };
		8262943D1AAF051F00CB7CF7 /* Security.framework */ = {isa = PBXFileReference; lastKnownFileType = wrapper.framework; name = Security.framework; path = System/Library/Frameworks/Security.framework; sourceTree = SDKROOT; };
		BF170DB012928DE900B8313A /* OpenGLES.framework */ = {isa = PBXFileReference; lastKnownFileType = wrapper.framework; name = OpenGLES.framework; path = System/Library/Frameworks/OpenGLES.framework; sourceTree = SDKROOT; };
		BF170DB412928DE900B8313A /* libz.dylib */ = {isa = PBXFileReference; lastKnownFileType = "compiled.mach-o.dylib"; name = libz.dylib; path = usr/lib/libz.dylib; sourceTree = SDKROOT; };
		BF1C47EA1293683800B63C5D /* QuartzCore.framework */ = {isa = PBXFileReference; lastKnownFileType = wrapper.framework; name = QuartzCore.framework; path = System/Library/Frameworks/QuartzCore.framework; sourceTree = SDKROOT; };
		D44C620B132DFF330009C878 /* OpenAL.framework */ = {isa = PBXFileReference; lastKnownFileType = wrapper.framework; name = OpenAL.framework; path = System/Library/Frameworks/OpenAL.framework; sourceTree = SDKROOT; };
		D44C620D132DFF430009C878 /* AVFoundation.framework */ = {isa = PBXFileReference; lastKnownFileType = wrapper.framework; name = AVFoundation.framework; path = System/Library/Frameworks/AVFoundation.framework; sourceTree = SDKROOT; };
		D44C620F132DFF4E0009C878 /* AudioToolbox.framework */ = {isa = PBXFileReference; lastKnownFileType = wrapper.framework; name = AudioToolbox.framework; path = System/Library/Frameworks/AudioToolbox.framework; sourceTree = SDKROOT; };
		D6B0611A1803AB670077942B /* CoreMotion.framework */ = {isa = PBXFileReference; lastKnownFileType = wrapper.framework; name = CoreMotion.framework; path = Platforms/iPhoneOS.platform/Developer/SDKs/iPhoneOS7.0.sdk/System/Library/Frameworks/CoreMotion.framework; sourceTree = DEVELOPER_DIR; };
		ED545A7B1B68A1F400C3958E /* libiconv.dylib */ = {isa = PBXFileReference; lastKnownFileType = "compiled.mach-o.dylib"; name = libiconv.dylib; path = Platforms/iPhoneOS.platform/Developer/SDKs/iPhoneOS8.4.sdk/usr/lib/libiconv.dylib; sourceTree = DEVELOPER_DIR; };
		ED545A7D1B68A1FA00C3958E /* libiconv.dylib */ = {isa = PBXFileReference; lastKnownFileType = "compiled.mach-o.dylib"; name = libiconv.dylib; path = usr/lib/libiconv.dylib; sourceTree = SDKROOT; };
		FAC79CEA1E08E3070050A827 /* AnimationBaseTest.cpp */ = {isa = PBXFileReference; fileEncoding = 4; lastKnownFileType = sourcecode.cpp.cpp; path = AnimationBaseTest.cpp; sourceTree = "<group>"; };
		FAC79CEB1E08E3070050A827 /* AnimationBaseTest.h */ = {isa = PBXFileReference; fileEncoding = 4; lastKnownFileType = sourcecode.c.h; path = AnimationBaseTest.h; sourceTree = "<group>"; };
		FAC79CEC1E08E3070050A827 /* CoreElement.cpp */ = {isa = PBXFileReference; fileEncoding = 4; lastKnownFileType = sourcecode.cpp.cpp; path = CoreElement.cpp; sourceTree = "<group>"; };
		FAC79CED1E08E3070050A827 /* CoreElement.h */ = {isa = PBXFileReference; fileEncoding = 4; lastKnownFileType = sourcecode.c.h; path = CoreElement.h; sourceTree = "<group>"; };
		FAC79CF01E08E3070050A827 /* Animation.cpp */ = {isa = PBXFileReference; fileEncoding = 4; lastKnownFileType = sourcecode.cpp.cpp; path = Animation.cpp; sourceTree = "<group>"; };
		FAC79CF11E08E3070050A827 /* Animation.h */ = {isa = PBXFileReference; fileEncoding = 4; lastKnownFileType = sourcecode.c.h; path = Animation.h; sourceTree = "<group>"; };
		FAC79CF21E08E3070050A827 /* AnimationState.cpp */ = {isa = PBXFileReference; fileEncoding = 4; lastKnownFileType = sourcecode.cpp.cpp; path = AnimationState.cpp; sourceTree = "<group>"; };
		FAC79CF31E08E3070050A827 /* AnimationState.h */ = {isa = PBXFileReference; fileEncoding = 4; lastKnownFileType = sourcecode.c.h; path = AnimationState.h; sourceTree = "<group>"; };
		FAC79CF41E08E3070050A827 /* BaseTimelineState.h */ = {isa = PBXFileReference; fileEncoding = 4; lastKnownFileType = sourcecode.c.h; path = BaseTimelineState.h; sourceTree = "<group>"; };
		FAC79CF51E08E3070050A827 /* IAnimateble.h */ = {isa = PBXFileReference; fileEncoding = 4; lastKnownFileType = sourcecode.c.h; path = IAnimateble.h; sourceTree = "<group>"; };
		FAC79CF61E08E3070050A827 /* TimelineState.cpp */ = {isa = PBXFileReference; fileEncoding = 4; lastKnownFileType = sourcecode.cpp.cpp; path = TimelineState.cpp; sourceTree = "<group>"; };
		FAC79CF71E08E3070050A827 /* TimelineState.h */ = {isa = PBXFileReference; fileEncoding = 4; lastKnownFileType = sourcecode.c.h; path = TimelineState.h; sourceTree = "<group>"; };
		FAC79CF81E08E3070050A827 /* WorldClock.cpp */ = {isa = PBXFileReference; fileEncoding = 4; lastKnownFileType = sourcecode.cpp.cpp; path = WorldClock.cpp; sourceTree = "<group>"; };
		FAC79CF91E08E3070050A827 /* WorldClock.h */ = {isa = PBXFileReference; fileEncoding = 4; lastKnownFileType = sourcecode.c.h; path = WorldClock.h; sourceTree = "<group>"; };
		FAC79CFB1E08E3070050A827 /* Armature.cpp */ = {isa = PBXFileReference; fileEncoding = 4; lastKnownFileType = sourcecode.cpp.cpp; path = Armature.cpp; sourceTree = "<group>"; };
		FAC79CFC1E08E3070050A827 /* Armature.h */ = {isa = PBXFileReference; fileEncoding = 4; lastKnownFileType = sourcecode.c.h; path = Armature.h; sourceTree = "<group>"; };
		FAC79CFD1E08E3070050A827 /* Bone.cpp */ = {isa = PBXFileReference; fileEncoding = 4; lastKnownFileType = sourcecode.cpp.cpp; path = Bone.cpp; sourceTree = "<group>"; };
		FAC79CFE1E08E3070050A827 /* Bone.h */ = {isa = PBXFileReference; fileEncoding = 4; lastKnownFileType = sourcecode.c.h; path = Bone.h; sourceTree = "<group>"; };
		FAC79CFF1E08E3070050A827 /* IArmatureDisplay.h */ = {isa = PBXFileReference; fileEncoding = 4; lastKnownFileType = sourcecode.c.h; path = IArmatureDisplay.h; sourceTree = "<group>"; };
		FAC79D001E08E3070050A827 /* Slot.cpp */ = {isa = PBXFileReference; fileEncoding = 4; lastKnownFileType = sourcecode.cpp.cpp; path = Slot.cpp; sourceTree = "<group>"; };
		FAC79D011E08E3070050A827 /* Slot.h */ = {isa = PBXFileReference; fileEncoding = 4; lastKnownFileType = sourcecode.c.h; path = Slot.h; sourceTree = "<group>"; };
		FAC79D021E08E3070050A827 /* TransformObject.h */ = {isa = PBXFileReference; fileEncoding = 4; lastKnownFileType = sourcecode.c.h; path = TransformObject.h; sourceTree = "<group>"; };
		FAC79D041E08E3070050A827 /* CCArmatureDisplay.cpp */ = {isa = PBXFileReference; fileEncoding = 4; lastKnownFileType = sourcecode.cpp.cpp; path = CCArmatureDisplay.cpp; sourceTree = "<group>"; };
		FAC79D051E08E3070050A827 /* CCArmatureDisplay.h */ = {isa = PBXFileReference; fileEncoding = 4; lastKnownFileType = sourcecode.c.h; path = CCArmatureDisplay.h; sourceTree = "<group>"; };
		FAC79D061E08E3070050A827 /* CCDragonBonesHeaders.h */ = {isa = PBXFileReference; fileEncoding = 4; lastKnownFileType = sourcecode.c.h; path = CCDragonBonesHeaders.h; sourceTree = "<group>"; };
		FAC79D071E08E3070050A827 /* CCFactory.cpp */ = {isa = PBXFileReference; fileEncoding = 4; lastKnownFileType = sourcecode.cpp.cpp; path = CCFactory.cpp; sourceTree = "<group>"; };
		FAC79D081E08E3070050A827 /* CCFactory.h */ = {isa = PBXFileReference; fileEncoding = 4; lastKnownFileType = sourcecode.c.h; path = CCFactory.h; sourceTree = "<group>"; };
		FAC79D091E08E3070050A827 /* CCSlot.cpp */ = {isa = PBXFileReference; fileEncoding = 4; lastKnownFileType = sourcecode.cpp.cpp; path = CCSlot.cpp; sourceTree = "<group>"; };
		FAC79D0A1E08E3070050A827 /* CCSlot.h */ = {isa = PBXFileReference; fileEncoding = 4; lastKnownFileType = sourcecode.c.h; path = CCSlot.h; sourceTree = "<group>"; };
		FAC79D0B1E08E3070050A827 /* CCTextureData.cpp */ = {isa = PBXFileReference; fileEncoding = 4; lastKnownFileType = sourcecode.cpp.cpp; path = CCTextureData.cpp; sourceTree = "<group>"; };
		FAC79D0C1E08E3070050A827 /* CCTextureData.h */ = {isa = PBXFileReference; fileEncoding = 4; lastKnownFileType = sourcecode.c.h; path = CCTextureData.h; sourceTree = "<group>"; };
		FAC79D0E1E08E3070050A827 /* BaseObject.cpp */ = {isa = PBXFileReference; fileEncoding = 4; lastKnownFileType = sourcecode.cpp.cpp; path = BaseObject.cpp; sourceTree = "<group>"; };
		FAC79D0F1E08E3070050A827 /* BaseObject.h */ = {isa = PBXFileReference; fileEncoding = 4; lastKnownFileType = sourcecode.c.h; path = BaseObject.h; sourceTree = "<group>"; };
		FAC79D101E08E3070050A827 /* DragonBones.h */ = {isa = PBXFileReference; fileEncoding = 4; lastKnownFileType = sourcecode.c.h; path = DragonBones.h; sourceTree = "<group>"; };
		FAC79D111E08E3070050A827 /* DragonBonesHeaders.h */ = {isa = PBXFileReference; fileEncoding = 4; lastKnownFileType = sourcecode.c.h; path = DragonBonesHeaders.h; sourceTree = "<group>"; };
		FAC79D131E08E3070050A827 /* EventObject.cpp */ = {isa = PBXFileReference; fileEncoding = 4; lastKnownFileType = sourcecode.cpp.cpp; path = EventObject.cpp; sourceTree = "<group>"; };
		FAC79D141E08E3070050A827 /* EventObject.h */ = {isa = PBXFileReference; fileEncoding = 4; lastKnownFileType = sourcecode.c.h; path = EventObject.h; sourceTree = "<group>"; };
		FAC79D161E08E3070050A827 /* BaseFactory.cpp */ = {isa = PBXFileReference; fileEncoding = 4; lastKnownFileType = sourcecode.cpp.cpp; path = BaseFactory.cpp; sourceTree = "<group>"; };
		FAC79D171E08E3070050A827 /* BaseFactory.h */ = {isa = PBXFileReference; fileEncoding = 4; lastKnownFileType = sourcecode.c.h; path = BaseFactory.h; sourceTree = "<group>"; };
		FAC79D191E08E3070050A827 /* ColorTransform.h */ = {isa = PBXFileReference; fileEncoding = 4; lastKnownFileType = sourcecode.c.h; path = ColorTransform.h; sourceTree = "<group>"; };
		FAC79D1A1E08E3070050A827 /* Matrix.h */ = {isa = PBXFileReference; fileEncoding = 4; lastKnownFileType = sourcecode.c.h; path = Matrix.h; sourceTree = "<group>"; };
		FAC79D1B1E08E3070050A827 /* Point.h */ = {isa = PBXFileReference; fileEncoding = 4; lastKnownFileType = sourcecode.c.h; path = Point.h; sourceTree = "<group>"; };
		FAC79D1C1E08E3070050A827 /* Rectangle.h */ = {isa = PBXFileReference; fileEncoding = 4; lastKnownFileType = sourcecode.c.h; path = Rectangle.h; sourceTree = "<group>"; };
		FAC79D1D1E08E3070050A827 /* Transform.h */ = {isa = PBXFileReference; fileEncoding = 4; lastKnownFileType = sourcecode.c.h; path = Transform.h; sourceTree = "<group>"; };
		FAC79D1F1E08E3070050A827 /* AnimationData.cpp */ = {isa = PBXFileReference; fileEncoding = 4; lastKnownFileType = sourcecode.cpp.cpp; path = AnimationData.cpp; sourceTree = "<group>"; };
		FAC79D201E08E3070050A827 /* AnimationData.h */ = {isa = PBXFileReference; fileEncoding = 4; lastKnownFileType = sourcecode.c.h; path = AnimationData.h; sourceTree = "<group>"; };
		FAC79D211E08E3070050A827 /* ArmatureData.cpp */ = {isa = PBXFileReference; fileEncoding = 4; lastKnownFileType = sourcecode.cpp.cpp; path = ArmatureData.cpp; sourceTree = "<group>"; };
		FAC79D221E08E3070050A827 /* ArmatureData.h */ = {isa = PBXFileReference; fileEncoding = 4; lastKnownFileType = sourcecode.c.h; path = ArmatureData.h; sourceTree = "<group>"; };
		FAC79D231E08E3070050A827 /* DragonBonesData.cpp */ = {isa = PBXFileReference; fileEncoding = 4; lastKnownFileType = sourcecode.cpp.cpp; path = DragonBonesData.cpp; sourceTree = "<group>"; };
		FAC79D241E08E3070050A827 /* DragonBonesData.h */ = {isa = PBXFileReference; fileEncoding = 4; lastKnownFileType = sourcecode.c.h; path = DragonBonesData.h; sourceTree = "<group>"; };
		FAC79D251E08E3070050A827 /* FrameData.cpp */ = {isa = PBXFileReference; fileEncoding = 4; lastKnownFileType = sourcecode.cpp.cpp; path = FrameData.cpp; sourceTree = "<group>"; };
		FAC79D261E08E3070050A827 /* FrameData.h */ = {isa = PBXFileReference; fileEncoding = 4; lastKnownFileType = sourcecode.c.h; path = FrameData.h; sourceTree = "<group>"; };
		FAC79D271E08E3070050A827 /* TimelineData.cpp */ = {isa = PBXFileReference; fileEncoding = 4; lastKnownFileType = sourcecode.cpp.cpp; path = TimelineData.cpp; sourceTree = "<group>"; };
		FAC79D281E08E3070050A827 /* TimelineData.h */ = {isa = PBXFileReference; fileEncoding = 4; lastKnownFileType = sourcecode.c.h; path = TimelineData.h; sourceTree = "<group>"; };
		FAC79D2A1E08E3070050A827 /* DataParser.cpp */ = {isa = PBXFileReference; fileEncoding = 4; lastKnownFileType = sourcecode.cpp.cpp; path = DataParser.cpp; sourceTree = "<group>"; };
		FAC79D2B1E08E3070050A827 /* DataParser.h */ = {isa = PBXFileReference; fileEncoding = 4; lastKnownFileType = sourcecode.c.h; path = DataParser.h; sourceTree = "<group>"; };
		FAC79D2C1E08E3070050A827 /* JSONDataParser.cpp */ = {isa = PBXFileReference; fileEncoding = 4; lastKnownFileType = sourcecode.cpp.cpp; path = JSONDataParser.cpp; sourceTree = "<group>"; };
		FAC79D2D1E08E3070050A827 /* JSONDataParser.h */ = {isa = PBXFileReference; fileEncoding = 4; lastKnownFileType = sourcecode.c.h; path = JSONDataParser.h; sourceTree = "<group>"; };
		FAC79D2F1E08E3070050A827 /* TextureData.cpp */ = {isa = PBXFileReference; fileEncoding = 4; lastKnownFileType = sourcecode.cpp.cpp; path = TextureData.cpp; sourceTree = "<group>"; };
		FAC79D301E08E3070050A827 /* TextureData.h */ = {isa = PBXFileReference; fileEncoding = 4; lastKnownFileType = sourcecode.c.h; path = TextureData.h; sourceTree = "<group>"; };
		FAC79D311E08E3070050A827 /* HelloDragonBones.cpp */ = {isa = PBXFileReference; fileEncoding = 4; lastKnownFileType = sourcecode.cpp.cpp; path = HelloDragonBones.cpp; sourceTree = "<group>"; };
		FAC79D321E08E3070050A827 /* HelloDragonBones.h */ = {isa = PBXFileReference; fileEncoding = 4; lastKnownFileType = sourcecode.c.h; path = HelloDragonBones.h; sourceTree = "<group>"; };
		FAC79D331E08E3070050A827 /* Knight.cpp */ = {isa = PBXFileReference; fileEncoding = 4; lastKnownFileType = sourcecode.cpp.cpp; path = Knight.cpp; sourceTree = "<group>"; };
		FAC79D341E08E3070050A827 /* Knight.h */ = {isa = PBXFileReference; fileEncoding = 4; lastKnownFileType = sourcecode.c.h; path = Knight.h; sourceTree = "<group>"; };
		FAC79D351E08E3070050A827 /* PerformanceTest.cpp */ = {isa = PBXFileReference; fileEncoding = 4; lastKnownFileType = sourcecode.cpp.cpp; path = PerformanceTest.cpp; sourceTree = "<group>"; };
		FAC79D361E08E3070050A827 /* PerformanceTest.h */ = {isa = PBXFileReference; fileEncoding = 4; lastKnownFileType = sourcecode.c.h; path = PerformanceTest.h; sourceTree = "<group>"; };
		FAC79D381E08E3070050A827 /* allocators.h */ = {isa = PBXFileReference; fileEncoding = 4; lastKnownFileType = sourcecode.c.h; path = allocators.h; sourceTree = "<group>"; };
		FAC79D391E08E3070050A827 /* document.h */ = {isa = PBXFileReference; fileEncoding = 4; lastKnownFileType = sourcecode.c.h; path = document.h; sourceTree = "<group>"; };
		FAC79D3A1E08E3070050A827 /* encodedstream.h */ = {isa = PBXFileReference; fileEncoding = 4; lastKnownFileType = sourcecode.c.h; path = encodedstream.h; sourceTree = "<group>"; };
		FAC79D3B1E08E3070050A827 /* encodings.h */ = {isa = PBXFileReference; fileEncoding = 4; lastKnownFileType = sourcecode.c.h; path = encodings.h; sourceTree = "<group>"; };
		FAC79D3D1E08E3070050A827 /* en.h */ = {isa = PBXFileReference; fileEncoding = 4; lastKnownFileType = sourcecode.c.h; path = en.h; sourceTree = "<group>"; };
		FAC79D3E1E08E3070050A827 /* error.h */ = {isa = PBXFileReference; fileEncoding = 4; lastKnownFileType = sourcecode.c.h; path = error.h; sourceTree = "<group>"; };
		FAC79D3F1E08E3070050A827 /* filereadstream.h */ = {isa = PBXFileReference; fileEncoding = 4; lastKnownFileType = sourcecode.c.h; path = filereadstream.h; sourceTree = "<group>"; };
		FAC79D401E08E3070050A827 /* filewritestream.h */ = {isa = PBXFileReference; fileEncoding = 4; lastKnownFileType = sourcecode.c.h; path = filewritestream.h; sourceTree = "<group>"; };
		FAC79D411E08E3070050A827 /* fwd.h */ = {isa = PBXFileReference; fileEncoding = 4; lastKnownFileType = sourcecode.c.h; path = fwd.h; sourceTree = "<group>"; };
		FAC79D431E08E3070050A827 /* biginteger.h */ = {isa = PBXFileReference; fileEncoding = 4; lastKnownFileType = sourcecode.c.h; path = biginteger.h; sourceTree = "<group>"; };
		FAC79D441E08E3070050A827 /* diyfp.h */ = {isa = PBXFileReference; fileEncoding = 4; lastKnownFileType = sourcecode.c.h; path = diyfp.h; sourceTree = "<group>"; };
		FAC79D451E08E3070050A827 /* dtoa.h */ = {isa = PBXFileReference; fileEncoding = 4; lastKnownFileType = sourcecode.c.h; path = dtoa.h; sourceTree = "<group>"; };
		FAC79D461E08E3070050A827 /* ieee754.h */ = {isa = PBXFileReference; fileEncoding = 4; lastKnownFileType = sourcecode.c.h; path = ieee754.h; sourceTree = "<group>"; };
		FAC79D471E08E3070050A827 /* itoa.h */ = {isa = PBXFileReference; fileEncoding = 4; lastKnownFileType = sourcecode.c.h; path = itoa.h; sourceTree = "<group>"; };
		FAC79D481E08E3070050A827 /* meta.h */ = {isa = PBXFileReference; fileEncoding = 4; lastKnownFileType = sourcecode.c.h; path = meta.h; sourceTree = "<group>"; };
		FAC79D491E08E3070050A827 /* pow10.h */ = {isa = PBXFileReference; fileEncoding = 4; lastKnownFileType = sourcecode.c.h; path = pow10.h; sourceTree = "<group>"; };
		FAC79D4A1E08E3070050A827 /* regex.h */ = {isa = PBXFileReference; fileEncoding = 4; lastKnownFileType = sourcecode.c.h; path = regex.h; sourceTree = "<group>"; };
		FAC79D4B1E08E3070050A827 /* stack.h */ = {isa = PBXFileReference; fileEncoding = 4; lastKnownFileType = sourcecode.c.h; path = stack.h; sourceTree = "<group>"; };
		FAC79D4C1E08E3070050A827 /* strfunc.h */ = {isa = PBXFileReference; fileEncoding = 4; lastKnownFileType = sourcecode.c.h; path = strfunc.h; sourceTree = "<group>"; };
		FAC79D4D1E08E3070050A827 /* strtod.h */ = {isa = PBXFileReference; fileEncoding = 4; lastKnownFileType = sourcecode.c.h; path = strtod.h; sourceTree = "<group>"; };
		FAC79D4E1E08E3070050A827 /* swap.h */ = {isa = PBXFileReference; fileEncoding = 4; lastKnownFileType = sourcecode.c.h; path = swap.h; sourceTree = "<group>"; };
		FAC79D4F1E08E3070050A827 /* istreamwrapper.h */ = {isa = PBXFileReference; fileEncoding = 4; lastKnownFileType = sourcecode.c.h; path = istreamwrapper.h; sourceTree = "<group>"; };
		FAC79D501E08E3070050A827 /* memorybuffer.h */ = {isa = PBXFileReference; fileEncoding = 4; lastKnownFileType = sourcecode.c.h; path = memorybuffer.h; sourceTree = "<group>"; };
		FAC79D511E08E3070050A827 /* memorystream.h */ = {isa = PBXFileReference; fileEncoding = 4; lastKnownFileType = sourcecode.c.h; path = memorystream.h; sourceTree = "<group>"; };
		FAC79D551E08E3070050A827 /* ostreamwrapper.h */ = {isa = PBXFileReference; fileEncoding = 4; lastKnownFileType = sourcecode.c.h; path = ostreamwrapper.h; sourceTree = "<group>"; };
		FAC79D561E08E3070050A827 /* pointer.h */ = {isa = PBXFileReference; fileEncoding = 4; lastKnownFileType = sourcecode.c.h; path = pointer.h; sourceTree = "<group>"; };
		FAC79D571E08E3070050A827 /* prettywriter.h */ = {isa = PBXFileReference; fileEncoding = 4; lastKnownFileType = sourcecode.c.h; path = prettywriter.h; sourceTree = "<group>"; };
		FAC79D581E08E3070050A827 /* rapidjson.h */ = {isa = PBXFileReference; fileEncoding = 4; lastKnownFileType = sourcecode.c.h; path = rapidjson.h; sourceTree = "<group>"; };
		FAC79D591E08E3070050A827 /* reader.h */ = {isa = PBXFileReference; fileEncoding = 4; lastKnownFileType = sourcecode.c.h; path = reader.h; sourceTree = "<group>"; };
		FAC79D5A1E08E3070050A827 /* schema.h */ = {isa = PBXFileReference; fileEncoding = 4; lastKnownFileType = sourcecode.c.h; path = schema.h; sourceTree = "<group>"; };
		FAC79D5B1E08E3070050A827 /* stream.h */ = {isa = PBXFileReference; fileEncoding = 4; lastKnownFileType = sourcecode.c.h; path = stream.h; sourceTree = "<group>"; };
		FAC79D5C1E08E3070050A827 /* stringbuffer.h */ = {isa = PBXFileReference; fileEncoding = 4; lastKnownFileType = sourcecode.c.h; path = stringbuffer.h; sourceTree = "<group>"; };
		FAC79D5D1E08E3070050A827 /* writer.h */ = {isa = PBXFileReference; fileEncoding = 4; lastKnownFileType = sourcecode.c.h; path = writer.h; sourceTree = "<group>"; };
/* End PBXFileReference section */

/* Begin PBXFrameworksBuildPhase section */
		1D60588F0D05DD3D006BFB54 /* Frameworks */ = {
			isa = PBXFrameworksBuildPhase;
			buildActionMask = 2147483647;
			files = (
				294D0D641D0D56D500F7F5D4 /* CoreText.framework in Frameworks */,
				ED545A7C1B68A1F400C3958E /* libiconv.dylib in Frameworks */,
				52B47A471A53D09C004E4C60 /* Security.framework in Frameworks */,
				1AC6FB30180E99EB004C840B /* libcocos2d iOS.a in Frameworks */,
				D6B0611B1803AB670077942B /* CoreMotion.framework in Frameworks */,
				1D60589F0D05DD5A006BFB54 /* Foundation.framework in Frameworks */,
				1DF5F4E00D08C38300B7A737 /* UIKit.framework in Frameworks */,
				288765A50DF7441C002DB57D /* CoreGraphics.framework in Frameworks */,
				BF171245129291EC00B8313A /* OpenGLES.framework in Frameworks */,
				BF1712471292920000B8313A /* libz.dylib in Frameworks */,
				BF1C47F01293687400B63C5D /* QuartzCore.framework in Frameworks */,
				D44C620C132DFF330009C878 /* OpenAL.framework in Frameworks */,
				D44C620E132DFF430009C878 /* AVFoundation.framework in Frameworks */,
				D44C6210132DFF4E0009C878 /* AudioToolbox.framework in Frameworks */,
			);
			runOnlyForDeploymentPostprocessing = 0;
		};
		5087E75C17EB910900C73F5D /* Frameworks */ = {
			isa = PBXFrameworksBuildPhase;
			buildActionMask = 2147483647;
			files = (
				ED545A7E1B68A1FA00C3958E /* libiconv.dylib in Frameworks */,
				1AC6FB21180E996B004C840B /* libcocos2d Mac.a in Frameworks */,
				5087E76717EB910900C73F5D /* libz.dylib in Frameworks */,
				8262943E1AAF051F00CB7CF7 /* Security.framework in Frameworks */,
				503AE11B17EB9C5A00D1A890 /* IOKit.framework in Frameworks */,
				5087E78B17EB975400C73F5D /* OpenGL.framework in Frameworks */,
				5087E78917EB974C00C73F5D /* AppKit.framework in Frameworks */,
				5087E76317EB910900C73F5D /* Foundation.framework in Frameworks */,
				5087E76817EB910900C73F5D /* QuartzCore.framework in Frameworks */,
				5087E76917EB910900C73F5D /* OpenAL.framework in Frameworks */,
				5087E76A17EB910900C73F5D /* AVFoundation.framework in Frameworks */,
				5087E76B17EB910900C73F5D /* AudioToolbox.framework in Frameworks */,
			);
			runOnlyForDeploymentPostprocessing = 0;
		};
/* End PBXFrameworksBuildPhase section */

/* Begin PBXGroup section */
		080E96DDFE201D6D7F000001 /* ios */ = {
			isa = PBXGroup;
			children = (
				5087E77117EB970100C73F5D /* Icons */,
				503AE0FA17EB989F00D1A890 /* AppController.h */,
				503AE0FB17EB989F00D1A890 /* AppController.mm */,
				503AE0FC17EB989F00D1A890 /* main.m */,
				503AE0FD17EB989F00D1A890 /* Prefix.pch */,
				503AE0FE17EB989F00D1A890 /* RootViewController.h */,
				503AE0FF17EB989F00D1A890 /* RootViewController.mm */,
			);
			name = ios;
			path = Classes;
			sourceTree = "<group>";
		};
		19C28FACFE9D520D11CA2CBB /* Products */ = {
			isa = PBXGroup;
			children = (
				1D6058910D05DD3D006BFB54 /* TestDragon-mobile.app */,
				5087E76F17EB910900C73F5D /* TestDragon-desktop.app */,
			);
			name = Products;
			sourceTree = "<group>";
		};
		1AC6FAE6180E9839004C840B /* Products */ = {
			isa = PBXGroup;
			children = (
				1AC6FAF9180E9839004C840B /* libcocos2d Mac.a */,
				1AC6FB07180E9839004C840B /* libcocos2d iOS.a */,
				FAC79CE91E08E2F90050A827 /* libcocos2d tvOS.a */,
			);
			name = Products;
			sourceTree = "<group>";
		};
		29B97314FDCFA39411CA2CEA /* CustomTemplate */ = {
			isa = PBXGroup;
			children = (
				46880B8319C43A87006E1F66 /* Classes */,
				46880B7519C43A67006E1F66 /* Resources */,
				1AC6FAE5180E9839004C840B /* cocos2d_libs.xcodeproj */,
				29B97323FDCFA39411CA2CEA /* Frameworks */,
				080E96DDFE201D6D7F000001 /* ios */,
				503AE10617EB990700D1A890 /* mac */,
				19C28FACFE9D520D11CA2CBB /* Products */,
			);
			name = CustomTemplate;
			sourceTree = "<group>";
		};
		29B97323FDCFA39411CA2CEA /* Frameworks */ = {
			isa = PBXGroup;
			children = (
				294D0D631D0D56D500F7F5D4 /* CoreText.framework */,
				ED545A7D1B68A1FA00C3958E /* libiconv.dylib */,
				ED545A7B1B68A1F400C3958E /* libiconv.dylib */,
				8262943D1AAF051F00CB7CF7 /* Security.framework */,
				52B47A461A53D09B004E4C60 /* Security.framework */,
				D6B0611A1803AB670077942B /* CoreMotion.framework */,
				503AE11A17EB9C5A00D1A890 /* IOKit.framework */,
				503AE11117EB99EE00D1A890 /* libcurl.dylib */,
				5087E78A17EB975400C73F5D /* OpenGL.framework */,
				5087E78817EB974C00C73F5D /* AppKit.framework */,
				1ACB3243164770DE00914215 /* libcurl.a */,
				BF170DB412928DE900B8313A /* libz.dylib */,
				D44C620F132DFF4E0009C878 /* AudioToolbox.framework */,
				D44C620D132DFF430009C878 /* AVFoundation.framework */,
				288765A40DF7441C002DB57D /* CoreGraphics.framework */,
				1D30AB110D05D00D00671497 /* Foundation.framework */,
				D44C620B132DFF330009C878 /* OpenAL.framework */,
				BF170DB012928DE900B8313A /* OpenGLES.framework */,
				BF1C47EA1293683800B63C5D /* QuartzCore.framework */,
				1DF5F4DF0D08C38300B7A737 /* UIKit.framework */,
			);
			name = Frameworks;
			sourceTree = "<group>";
		};
		46880B7519C43A67006E1F66 /* Resources */ = {
			isa = PBXGroup;
			children = (
				521A8EA819F11F5000D177D7 /* fonts */,
				3EACC98E19EE6D4300EB3C5E /* res */,
				46880B7619C43A67006E1F66 /* CloseNormal.png */,
				46880B7719C43A67006E1F66 /* CloseSelected.png */,
				46880B7A19C43A67006E1F66 /* HelloWorld.png */,
			);
			name = Resources;
			path = ../Resources;
			sourceTree = "<group>";
		};
		46880B8319C43A87006E1F66 /* Classes */ = {
			isa = PBXGroup;
			children = (
				FAC79CEA1E08E3070050A827 /* AnimationBaseTest.cpp */,
				FAC79CEB1E08E3070050A827 /* AnimationBaseTest.h */,
				FAC79CEC1E08E3070050A827 /* CoreElement.cpp */,
				FAC79CED1E08E3070050A827 /* CoreElement.h */,
				FAC79CEE1E08E3070050A827 /* dragonBones */,
				FAC79D311E08E3070050A827 /* HelloDragonBones.cpp */,
				FAC79D321E08E3070050A827 /* HelloDragonBones.h */,
				FAC79D331E08E3070050A827 /* Knight.cpp */,
				FAC79D341E08E3070050A827 /* Knight.h */,
				FAC79D351E08E3070050A827 /* PerformanceTest.cpp */,
				FAC79D361E08E3070050A827 /* PerformanceTest.h */,
				FAC79D371E08E3070050A827 /* rapidjson */,
				46880B8419C43A87006E1F66 /* AppDelegate.cpp */,
				46880B8519C43A87006E1F66 /* AppDelegate.h */,
			);
			name = Classes;
			path = ../Classes;
			sourceTree = "<group>";
		};
		503AE0F517EB97AB00D1A890 /* Icons */ = {
			isa = PBXGroup;
			children = (
				503AE0F617EB97AB00D1A890 /* Icon.icns */,
				503AE0F717EB97AB00D1A890 /* Info.plist */,
			);
			name = Icons;
			path = mac;
			sourceTree = SOURCE_ROOT;
		};
		503AE10617EB990700D1A890 /* mac */ = {
			isa = PBXGroup;
			children = (
				503AE0F517EB97AB00D1A890 /* Icons */,
				503AE10317EB98FF00D1A890 /* main.cpp */,
				503AE10417EB98FF00D1A890 /* Prefix.pch */,
			);
			name = mac;
			sourceTree = "<group>";
		};
		5087E77117EB970100C73F5D /* Icons */ = {
			isa = PBXGroup;
			children = (
				521A8E6219F0C34300D177D7 /* Default-667h@2x.png */,
				521A8E6319F0C34300D177D7 /* Default-736h@3x.png */,
				5087E77217EB970100C73F5D /* Default-568h@2x.png */,
				5087E77317EB970100C73F5D /* Default.png */,
				5087E77417EB970100C73F5D /* Default@2x.png */,
				50EF62A017ECD613001EB2F8 /* Icon-29.png */,
				50EF62A117ECD613001EB2F8 /* Icon-50.png */,
				50EF629217ECD46A001EB2F8 /* Icon-40.png */,
				50EF629317ECD46A001EB2F8 /* Icon-58.png */,
				50EF629417ECD46A001EB2F8 /* Icon-80.png */,
				50EF629517ECD46A001EB2F8 /* Icon-100.png */,
				5087E77517EB970100C73F5D /* Icon-114.png */,
				5087E77617EB970100C73F5D /* Icon-120.png */,
				5087E77717EB970100C73F5D /* Icon-144.png */,
				5087E77817EB970100C73F5D /* Icon-152.png */,
				5087E77917EB970100C73F5D /* Icon-57.png */,
				5087E77A17EB970100C73F5D /* Icon-72.png */,
				5087E77B17EB970100C73F5D /* Icon-76.png */,
				5087E77C17EB970100C73F5D /* Info.plist */,
			);
			name = Icons;
			path = ios;
			sourceTree = SOURCE_ROOT;
		};
		FAC79CEE1E08E3070050A827 /* dragonBones */ = {
			isa = PBXGroup;
			children = (
				FAC79CEF1E08E3070050A827 /* animation */,
				FAC79CFA1E08E3070050A827 /* armature */,
				FAC79D031E08E3070050A827 /* cocos2dx */,
				FAC79D0D1E08E3070050A827 /* core */,
				FAC79D111E08E3070050A827 /* DragonBonesHeaders.h */,
				FAC79D121E08E3070050A827 /* events */,
				FAC79D151E08E3070050A827 /* factories */,
				FAC79D181E08E3070050A827 /* geom */,
				FAC79D1E1E08E3070050A827 /* model */,
				FAC79D291E08E3070050A827 /* parsers */,
				FAC79D2E1E08E3070050A827 /* textures */,
			);
			path = dragonBones;
			sourceTree = "<group>";
		};
		FAC79CEF1E08E3070050A827 /* animation */ = {
			isa = PBXGroup;
			children = (
				FAC79CF01E08E3070050A827 /* Animation.cpp */,
				FAC79CF11E08E3070050A827 /* Animation.h */,
				FAC79CF21E08E3070050A827 /* AnimationState.cpp */,
				FAC79CF31E08E3070050A827 /* AnimationState.h */,
				FAC79CF41E08E3070050A827 /* BaseTimelineState.h */,
				FAC79CF51E08E3070050A827 /* IAnimateble.h */,
				FAC79CF61E08E3070050A827 /* TimelineState.cpp */,
				FAC79CF71E08E3070050A827 /* TimelineState.h */,
				FAC79CF81E08E3070050A827 /* WorldClock.cpp */,
				FAC79CF91E08E3070050A827 /* WorldClock.h */,
			);
			path = animation;
			sourceTree = "<group>";
		};
		FAC79CFA1E08E3070050A827 /* armature */ = {
			isa = PBXGroup;
			children = (
				FAC79CFB1E08E3070050A827 /* Armature.cpp */,
				FAC79CFC1E08E3070050A827 /* Armature.h */,
				FAC79CFD1E08E3070050A827 /* Bone.cpp */,
				FAC79CFE1E08E3070050A827 /* Bone.h */,
				FAC79CFF1E08E3070050A827 /* IArmatureDisplay.h */,
				FAC79D001E08E3070050A827 /* Slot.cpp */,
				FAC79D011E08E3070050A827 /* Slot.h */,
				FAC79D021E08E3070050A827 /* TransformObject.h */,
			);
			path = armature;
			sourceTree = "<group>";
		};
		FAC79D031E08E3070050A827 /* cocos2dx */ = {
			isa = PBXGroup;
			children = (
				FAC79D041E08E3070050A827 /* CCArmatureDisplay.cpp */,
				FAC79D051E08E3070050A827 /* CCArmatureDisplay.h */,
				FAC79D061E08E3070050A827 /* CCDragonBonesHeaders.h */,
				FAC79D071E08E3070050A827 /* CCFactory.cpp */,
				FAC79D081E08E3070050A827 /* CCFactory.h */,
				FAC79D091E08E3070050A827 /* CCSlot.cpp */,
				FAC79D0A1E08E3070050A827 /* CCSlot.h */,
				FAC79D0B1E08E3070050A827 /* CCTextureData.cpp */,
				FAC79D0C1E08E3070050A827 /* CCTextureData.h */,
			);
			path = cocos2dx;
			sourceTree = "<group>";
		};
		FAC79D0D1E08E3070050A827 /* core */ = {
			isa = PBXGroup;
			children = (
				FAC79D0E1E08E3070050A827 /* BaseObject.cpp */,
				FAC79D0F1E08E3070050A827 /* BaseObject.h */,
				FAC79D101E08E3070050A827 /* DragonBones.h */,
			);
			path = core;
			sourceTree = "<group>";
		};
		FAC79D121E08E3070050A827 /* events */ = {
			isa = PBXGroup;
			children = (
				FAC79D131E08E3070050A827 /* EventObject.cpp */,
				FAC79D141E08E3070050A827 /* EventObject.h */,
			);
			path = events;
			sourceTree = "<group>";
		};
		FAC79D151E08E3070050A827 /* factories */ = {
			isa = PBXGroup;
			children = (
				FAC79D161E08E3070050A827 /* BaseFactory.cpp */,
				FAC79D171E08E3070050A827 /* BaseFactory.h */,
			);
			path = factories;
			sourceTree = "<group>";
		};
		FAC79D181E08E3070050A827 /* geom */ = {
			isa = PBXGroup;
			children = (
				FAC79D191E08E3070050A827 /* ColorTransform.h */,
				FAC79D1A1E08E3070050A827 /* Matrix.h */,
				FAC79D1B1E08E3070050A827 /* Point.h */,
				FAC79D1C1E08E3070050A827 /* Rectangle.h */,
				FAC79D1D1E08E3070050A827 /* Transform.h */,
			);
			path = geom;
			sourceTree = "<group>";
		};
		FAC79D1E1E08E3070050A827 /* model */ = {
			isa = PBXGroup;
			children = (
				FAC79D1F1E08E3070050A827 /* AnimationData.cpp */,
				FAC79D201E08E3070050A827 /* AnimationData.h */,
				FAC79D211E08E3070050A827 /* ArmatureData.cpp */,
				FAC79D221E08E3070050A827 /* ArmatureData.h */,
				FAC79D231E08E3070050A827 /* DragonBonesData.cpp */,
				FAC79D241E08E3070050A827 /* DragonBonesData.h */,
				FAC79D251E08E3070050A827 /* FrameData.cpp */,
				FAC79D261E08E3070050A827 /* FrameData.h */,
				FAC79D271E08E3070050A827 /* TimelineData.cpp */,
				FAC79D281E08E3070050A827 /* TimelineData.h */,
			);
			path = model;
			sourceTree = "<group>";
		};
		FAC79D291E08E3070050A827 /* parsers */ = {
			isa = PBXGroup;
			children = (
				FAC79D2A1E08E3070050A827 /* DataParser.cpp */,
				FAC79D2B1E08E3070050A827 /* DataParser.h */,
				FAC79D2C1E08E3070050A827 /* JSONDataParser.cpp */,
				FAC79D2D1E08E3070050A827 /* JSONDataParser.h */,
			);
			path = parsers;
			sourceTree = "<group>";
		};
		FAC79D2E1E08E3070050A827 /* textures */ = {
			isa = PBXGroup;
			children = (
				FAC79D2F1E08E3070050A827 /* TextureData.cpp */,
				FAC79D301E08E3070050A827 /* TextureData.h */,
			);
			path = textures;
			sourceTree = "<group>";
		};
		FAC79D371E08E3070050A827 /* rapidjson */ = {
			isa = PBXGroup;
			children = (
				FAC79D381E08E3070050A827 /* allocators.h */,
				FAC79D391E08E3070050A827 /* document.h */,
				FAC79D3A1E08E3070050A827 /* encodedstream.h */,
				FAC79D3B1E08E3070050A827 /* encodings.h */,
				FAC79D3C1E08E3070050A827 /* error */,
				FAC79D3F1E08E3070050A827 /* filereadstream.h */,
				FAC79D401E08E3070050A827 /* filewritestream.h */,
				FAC79D411E08E3070050A827 /* fwd.h */,
				FAC79D421E08E3070050A827 /* internal */,
				FAC79D4F1E08E3070050A827 /* istreamwrapper.h */,
				FAC79D501E08E3070050A827 /* memorybuffer.h */,
				FAC79D511E08E3070050A827 /* memorystream.h */,
				FAC79D551E08E3070050A827 /* ostreamwrapper.h */,
				FAC79D561E08E3070050A827 /* pointer.h */,
				FAC79D571E08E3070050A827 /* prettywriter.h */,
				FAC79D581E08E3070050A827 /* rapidjson.h */,
				FAC79D591E08E3070050A827 /* reader.h */,
				FAC79D5A1E08E3070050A827 /* schema.h */,
				FAC79D5B1E08E3070050A827 /* stream.h */,
				FAC79D5C1E08E3070050A827 /* stringbuffer.h */,
				FAC79D5D1E08E3070050A827 /* writer.h */,
			);
			path = rapidjson;
			sourceTree = "<group>";
		};
		FAC79D3C1E08E3070050A827 /* error */ = {
			isa = PBXGroup;
			children = (
				FAC79D3D1E08E3070050A827 /* en.h */,
				FAC79D3E1E08E3070050A827 /* error.h */,
			);
			path = error;
			sourceTree = "<group>";
		};
		FAC79D421E08E3070050A827 /* internal */ = {
			isa = PBXGroup;
			children = (
				FAC79D431E08E3070050A827 /* biginteger.h */,
				FAC79D441E08E3070050A827 /* diyfp.h */,
				FAC79D451E08E3070050A827 /* dtoa.h */,
				FAC79D461E08E3070050A827 /* ieee754.h */,
				FAC79D471E08E3070050A827 /* itoa.h */,
				FAC79D481E08E3070050A827 /* meta.h */,
				FAC79D491E08E3070050A827 /* pow10.h */,
				FAC79D4A1E08E3070050A827 /* regex.h */,
				FAC79D4B1E08E3070050A827 /* stack.h */,
				FAC79D4C1E08E3070050A827 /* strfunc.h */,
				FAC79D4D1E08E3070050A827 /* strtod.h */,
				FAC79D4E1E08E3070050A827 /* swap.h */,
			);
			path = internal;
			sourceTree = "<group>";
		};
/* End PBXGroup section */

/* Begin PBXNativeTarget section */
		1D6058900D05DD3D006BFB54 /* TestDragon-mobile */ = {
			isa = PBXNativeTarget;
			buildConfigurationList = 1D6058960D05DD3E006BFB54 /* Build configuration list for PBXNativeTarget "TestDragon-mobile" */;
			buildPhases = (
				1D60588D0D05DD3D006BFB54 /* Resources */,
				1D60588E0D05DD3D006BFB54 /* Sources */,
				1D60588F0D05DD3D006BFB54 /* Frameworks */,
			);
			buildRules = (
			);
			dependencies = (
				1AC6FB25180E99E1004C840B /* PBXTargetDependency */,
			);
			name = "TestDragon-mobile";
			productName = iphone;
			productReference = 1D6058910D05DD3D006BFB54 /* TestDragon-mobile.app */;
			productType = "com.apple.product-type.application";
		};
		5087E73D17EB910900C73F5D /* TestDragon-desktop */ = {
			isa = PBXNativeTarget;
			buildConfigurationList = 5087E76C17EB910900C73F5D /* Build configuration list for PBXNativeTarget "TestDragon-desktop" */;
			buildPhases = (
				5087E74817EB910900C73F5D /* Resources */,
				5087E75617EB910900C73F5D /* Sources */,
				5087E75C17EB910900C73F5D /* Frameworks */,
			);
			buildRules = (
			);
			dependencies = (
				1AC6FB16180E9959004C840B /* PBXTargetDependency */,
			);
			name = "TestDragon-desktop";
			productName = iphone;
			productReference = 5087E76F17EB910900C73F5D /* TestDragon-desktop.app */;
			productType = "com.apple.product-type.application";
		};
/* End PBXNativeTarget section */

/* Begin PBXProject section */
		29B97313FDCFA39411CA2CEA /* Project object */ = {
			isa = PBXProject;
			attributes = {
				LastUpgradeCheck = 0500;
			};
			buildConfigurationList = C01FCF4E08A954540054247B /* Build configuration list for PBXProject "TestDragon" */;
			compatibilityVersion = "Xcode 3.2";
			developmentRegion = English;
			hasScannedForEncodings = 1;
			knownRegions = (
				English,
				Japanese,
				French,
				German,
			);
			mainGroup = 29B97314FDCFA39411CA2CEA /* CustomTemplate */;
			projectDirPath = "";
			projectReferences = (
				{
					ProductGroup = 1AC6FAE6180E9839004C840B /* Products */;
					ProjectRef = 1AC6FAE5180E9839004C840B /* cocos2d_libs.xcodeproj */;
				},
			);
			projectRoot = "";
			targets = (
				1D6058900D05DD3D006BFB54 /* TestDragon-mobile */,
				5087E73D17EB910900C73F5D /* TestDragon-desktop */,
			);
		};
/* End PBXProject section */

/* Begin PBXReferenceProxy section */
		1AC6FAF9180E9839004C840B /* libcocos2d Mac.a */ = {
			isa = PBXReferenceProxy;
			fileType = archive.ar;
			path = "libcocos2d Mac.a";
			remoteRef = 1AC6FAF8180E9839004C840B /* PBXContainerItemProxy */;
			sourceTree = BUILT_PRODUCTS_DIR;
		};
		1AC6FB07180E9839004C840B /* libcocos2d iOS.a */ = {
			isa = PBXReferenceProxy;
			fileType = archive.ar;
			path = "libcocos2d iOS.a";
			remoteRef = 1AC6FB06180E9839004C840B /* PBXContainerItemProxy */;
			sourceTree = BUILT_PRODUCTS_DIR;
		};
		FAC79CE91E08E2F90050A827 /* libcocos2d tvOS.a */ = {
			isa = PBXReferenceProxy;
			fileType = archive.ar;
			path = "libcocos2d tvOS.a";
			remoteRef = FAC79CE81E08E2F90050A827 /* PBXContainerItemProxy */;
			sourceTree = BUILT_PRODUCTS_DIR;
		};
/* End PBXReferenceProxy section */

/* Begin PBXResourcesBuildPhase section */
		1D60588D0D05DD3D006BFB54 /* Resources */ = {
			isa = PBXResourcesBuildPhase;
			buildActionMask = 2147483647;
			files = (
				5087E78117EB970100C73F5D /* Icon-120.png in Resources */,
				5087E78617EB970100C73F5D /* Icon-76.png in Resources */,
				5087E77F17EB970100C73F5D /* Default@2x.png in Resources */,
				50EF629917ECD46A001EB2F8 /* Icon-100.png in Resources */,
				5087E78317EB970100C73F5D /* Icon-152.png in Resources */,
				46880B8119C43A67006E1F66 /* HelloWorld.png in Resources */,
				46880B7D19C43A67006E1F66 /* CloseSelected.png in Resources */,
				5087E77D17EB970100C73F5D /* Default-568h@2x.png in Resources */,
				5087E78517EB970100C73F5D /* Icon-72.png in Resources */,
				521A8E6519F0C34300D177D7 /* Default-736h@3x.png in Resources */,
				521A8EA919F11F5000D177D7 /* fonts in Resources */,
				50EF62A317ECD613001EB2F8 /* Icon-50.png in Resources */,
				5087E78017EB970100C73F5D /* Icon-114.png in Resources */,
				50EF62A217ECD613001EB2F8 /* Icon-29.png in Resources */,
				50EF629617ECD46A001EB2F8 /* Icon-40.png in Resources */,
				5087E78217EB970100C73F5D /* Icon-144.png in Resources */,
				3EACC98F19EE6D4300EB3C5E /* res in Resources */,
				50EF629817ECD46A001EB2F8 /* Icon-80.png in Resources */,
				5087E78417EB970100C73F5D /* Icon-57.png in Resources */,
				5087E77E17EB970100C73F5D /* Default.png in Resources */,
				521A8E6419F0C34300D177D7 /* Default-667h@2x.png in Resources */,
				46880B7B19C43A67006E1F66 /* CloseNormal.png in Resources */,
				50EF629717ECD46A001EB2F8 /* Icon-58.png in Resources */,
			);
			runOnlyForDeploymentPostprocessing = 0;
		};
		5087E74817EB910900C73F5D /* Resources */ = {
			isa = PBXResourcesBuildPhase;
			buildActionMask = 2147483647;
			files = (
				46880B8219C43A67006E1F66 /* HelloWorld.png in Resources */,
				503AE0F817EB97AB00D1A890 /* Icon.icns in Resources */,
				3EACC99019EE6D4300EB3C5E /* res in Resources */,
				521A8EAA19F11F5000D177D7 /* fonts in Resources */,
				46880B7C19C43A67006E1F66 /* CloseNormal.png in Resources */,
				46880B7E19C43A67006E1F66 /* CloseSelected.png in Resources */,
			);
			runOnlyForDeploymentPostprocessing = 0;
		};
/* End PBXResourcesBuildPhase section */

/* Begin PBXSourcesBuildPhase section */
		1D60588E0D05DD3D006BFB54 /* Sources */ = {
			isa = PBXSourcesBuildPhase;
			buildActionMask = 2147483647;
			files = (
				FAC79D8A1E08E3070050A827 /* JSONDataParser.cpp in Sources */,
				FAC79D801E08E3070050A827 /* ArmatureData.cpp in Sources */,
				FAC79D901E08E3080050A827 /* Knight.cpp in Sources */,
				FAC79D8E1E08E3080050A827 /* HelloDragonBones.cpp in Sources */,
				FAC79D861E08E3070050A827 /* TimelineData.cpp in Sources */,
				FAC79D8C1E08E3070050A827 /* TextureData.cpp in Sources */,
				46880B8819C43A87006E1F66 /* AppDelegate.cpp in Sources */,
				FAC79D7A1E08E3070050A827 /* EventObject.cpp in Sources */,
				FAC79D7E1E08E3070050A827 /* AnimationData.cpp in Sources */,
				FAC79D781E08E3070050A827 /* BaseObject.cpp in Sources */,
				FAC79D821E08E3070050A827 /* DragonBonesData.cpp in Sources */,
				FAC79D7C1E08E3070050A827 /* BaseFactory.cpp in Sources */,
				FAC79D681E08E3070050A827 /* WorldClock.cpp in Sources */,
				503AE10017EB989F00D1A890 /* AppController.mm in Sources */,
				FAC79D741E08E3070050A827 /* CCSlot.cpp in Sources */,
				FAC79D761E08E3070050A827 /* CCTextureData.cpp in Sources */,
				FAC79D841E08E3070050A827 /* FrameData.cpp in Sources */,
				503AE10217EB989F00D1A890 /* RootViewController.mm in Sources */,
				FAC79D661E08E3070050A827 /* TimelineState.cpp in Sources */,
				FAC79D621E08E3070050A827 /* Animation.cpp in Sources */,
				FAC79D6E1E08E3070050A827 /* Slot.cpp in Sources */,
				FAC79D701E08E3070050A827 /* CCArmatureDisplay.cpp in Sources */,
				FAC79D641E08E3070050A827 /* AnimationState.cpp in Sources */,
				FAC79D601E08E3070050A827 /* CoreElement.cpp in Sources */,
				FAC79D921E08E3080050A827 /* PerformanceTest.cpp in Sources */,
				503AE10117EB989F00D1A890 /* main.m in Sources */,
				FAC79D6C1E08E3070050A827 /* Bone.cpp in Sources */,
				FAC79D881E08E3070050A827 /* DataParser.cpp in Sources */,
				FAC79D721E08E3070050A827 /* CCFactory.cpp in Sources */,
				FAC79D5E1E08E3070050A827 /* AnimationBaseTest.cpp in Sources */,
				FAC79D6A1E08E3070050A827 /* Armature.cpp in Sources */,
			);
			runOnlyForDeploymentPostprocessing = 0;
		};
		5087E75617EB910900C73F5D /* Sources */ = {
			isa = PBXSourcesBuildPhase;
			buildActionMask = 2147483647;
			files = (
				FAC79D771E08E3070050A827 /* CCTextureData.cpp in Sources */,
				FAC79D791E08E3070050A827 /* BaseObject.cpp in Sources */,
				FAC79D871E08E3070050A827 /* TimelineData.cpp in Sources */,
				FAC79D7F1E08E3070050A827 /* AnimationData.cpp in Sources */,
				FAC79D7B1E08E3070050A827 /* EventObject.cpp in Sources */,
				FAC79D6F1E08E3070050A827 /* Slot.cpp in Sources */,
				46880B8919C43A87006E1F66 /* AppDelegate.cpp in Sources */,
				FAC79D731E08E3070050A827 /* CCFactory.cpp in Sources */,
				FAC79D5F1E08E3070050A827 /* AnimationBaseTest.cpp in Sources */,
				FAC79D6B1E08E3070050A827 /* Armature.cpp in Sources */,
				FAC79D8F1E08E3080050A827 /* HelloDragonBones.cpp in Sources */,
				FAC79D751E08E3070050A827 /* CCSlot.cpp in Sources */,
				FAC79D911E08E3080050A827 /* Knight.cpp in Sources */,
				FAC79D8D1E08E3070050A827 /* TextureData.cpp in Sources */,
				FAC79D671E08E3070050A827 /* TimelineState.cpp in Sources */,
				FAC79D851E08E3070050A827 /* FrameData.cpp in Sources */,
				FAC79D8B1E08E3070050A827 /* JSONDataParser.cpp in Sources */,
				FAC79D691E08E3070050A827 /* WorldClock.cpp in Sources */,
				FAC79D891E08E3070050A827 /* DataParser.cpp in Sources */,
				503AE10517EB98FF00D1A890 /* main.cpp in Sources */,
				FAC79D831E08E3070050A827 /* DragonBonesData.cpp in Sources */,
				FAC79D711E08E3070050A827 /* CCArmatureDisplay.cpp in Sources */,
				FAC79D611E08E3070050A827 /* CoreElement.cpp in Sources */,
				FAC79D651E08E3070050A827 /* AnimationState.cpp in Sources */,
				FAC79D931E08E3080050A827 /* PerformanceTest.cpp in Sources */,
				FAC79D811E08E3070050A827 /* ArmatureData.cpp in Sources */,
				FAC79D7D1E08E3070050A827 /* BaseFactory.cpp in Sources */,
				FAC79D631E08E3070050A827 /* Animation.cpp in Sources */,
				FAC79D6D1E08E3070050A827 /* Bone.cpp in Sources */,
			);
			runOnlyForDeploymentPostprocessing = 0;
		};
/* End PBXSourcesBuildPhase section */

/* Begin PBXTargetDependency section */
		1AC6FB16180E9959004C840B /* PBXTargetDependency */ = {
			isa = PBXTargetDependency;
			name = "cocos2dx Mac";
			targetProxy = 1AC6FB15180E9959004C840B /* PBXContainerItemProxy */;
		};
		1AC6FB25180E99E1004C840B /* PBXTargetDependency */ = {
			isa = PBXTargetDependency;
			name = "cocos2dx iOS";
			targetProxy = 1AC6FB24180E99E1004C840B /* PBXContainerItemProxy */;
		};
/* End PBXTargetDependency section */

/* Begin XCBuildConfiguration section */
		1D6058940D05DD3E006BFB54 /* Debug */ = {
			isa = XCBuildConfiguration;
			buildSettings = {
				ALWAYS_SEARCH_USER_PATHS = YES;
				CODE_SIGN_IDENTITY = "iPhone Developer";
				COMPRESS_PNG_FILES = NO;
				ENABLE_BITCODE = NO;
				GCC_DYNAMIC_NO_PIC = NO;
				GCC_INLINES_ARE_PRIVATE_EXTERN = NO;
				GCC_PRECOMPILE_PREFIX_HEADER = YES;
				GCC_PREFIX_HEADER = ios/Prefix.pch;
				GCC_PREPROCESSOR_DEFINITIONS = (
					USE_FILE32API,
					"COCOS2D_DEBUG=1",
					"CC_ENABLE_CHIPMUNK_INTEGRATION=1",
				);
				GCC_SYMBOLS_PRIVATE_EXTERN = NO;
				HEADER_SEARCH_PATHS = "$(inherited)";
				INFOPLIST_FILE = ios/Info.plist;
				IPHONEOS_DEPLOYMENT_TARGET = 6.0;
				LIBRARY_SEARCH_PATHS = "";
				OTHER_LDFLAGS = (
					"$(_COCOS_LIB_IOS_BEGIN)",
					"$(_COCOS_LIB_IOS_END)",
				);
				SDKROOT = iphoneos;
				STRIP_PNG_TEXT = NO;
				TARGETED_DEVICE_FAMILY = "1,2";
				USER_HEADER_SEARCH_PATHS = "$(_COCOS_HEADER_IOS_BEGIN) $(_COCOS_HEADER_IOS_END)";
				VALID_ARCHS = "arm64 armv7";
			};
			name = Debug;
		};
		1D6058950D05DD3E006BFB54 /* Release */ = {
			isa = XCBuildConfiguration;
			buildSettings = {
				ALWAYS_SEARCH_USER_PATHS = YES;
				CODE_SIGN_IDENTITY = "iPhone Developer";
				COMPRESS_PNG_FILES = NO;
				ENABLE_BITCODE = NO;
				GCC_INLINES_ARE_PRIVATE_EXTERN = NO;
				GCC_PRECOMPILE_PREFIX_HEADER = YES;
				GCC_PREFIX_HEADER = ios/Prefix.pch;
				GCC_PREPROCESSOR_DEFINITIONS = (
					USE_FILE32API,
					"CC_ENABLE_CHIPMUNK_INTEGRATION=1",
					NDEBUG,
				);
				GCC_SYMBOLS_PRIVATE_EXTERN = NO;
				HEADER_SEARCH_PATHS = "$(inherited)";
				INFOPLIST_FILE = ios/Info.plist;
				IPHONEOS_DEPLOYMENT_TARGET = 6.0;
				LIBRARY_SEARCH_PATHS = "";
				OTHER_LDFLAGS = (
					"$(_COCOS_LIB_IOS_BEGIN)",
					"$(_COCOS_LIB_IOS_END)",
				);
				SDKROOT = iphoneos;
				STRIP_PNG_TEXT = NO;
				TARGETED_DEVICE_FAMILY = "1,2";
				USER_HEADER_SEARCH_PATHS = "$(_COCOS_HEADER_IOS_BEGIN) $(_COCOS_HEADER_IOS_END)";
				VALID_ARCHS = "arm64 armv7";
			};
			name = Release;
		};
		5087E76D17EB910900C73F5D /* Debug */ = {
			isa = XCBuildConfiguration;
			buildSettings = {
				ALWAYS_SEARCH_USER_PATHS = YES;
				ARCHS = "$(ARCHS_STANDARD_64_BIT)";
				CLANG_CXX_LANGUAGE_STANDARD = "c++0x";
				CLANG_CXX_LIBRARY = "libc++";
				GCC_DYNAMIC_NO_PIC = NO;
				GCC_INLINES_ARE_PRIVATE_EXTERN = NO;
				GCC_PRECOMPILE_PREFIX_HEADER = YES;
				GCC_PREFIX_HEADER = mac/Prefix.pch;
				GCC_PREPROCESSOR_DEFINITIONS = (
					USE_FILE32API,
					"COCOS2D_DEBUG=1",
					"CC_ENABLE_CHIPMUNK_INTEGRATION=1",
				);
				GCC_SYMBOLS_PRIVATE_EXTERN = NO;
				HEADER_SEARCH_PATHS = (
					"$(inherited)",
					"$(SRCROOT)/../cocos2d/external/glfw3/include/mac",
				);
				INFOPLIST_FILE = mac/Info.plist;
				LIBRARY_SEARCH_PATHS = "";
				OTHER_LDFLAGS = (
					"$(_COCOS_LIB_MAC_BEGIN)",
					"$(_COCOS_LIB_MAC_END)",
				);
				USER_HEADER_SEARCH_PATHS = "$(_COCOS_HEADER_MAC_BEGIN) $(_COCOS_HEADER_MAC_END)";
			};
			name = Debug;
		};
		5087E76E17EB910900C73F5D /* Release */ = {
			isa = XCBuildConfiguration;
			buildSettings = {
				ALWAYS_SEARCH_USER_PATHS = YES;
				ARCHS = "$(ARCHS_STANDARD_64_BIT)";
				CLANG_CXX_LANGUAGE_STANDARD = "c++0x";
				CLANG_CXX_LIBRARY = "libc++";
				GCC_INLINES_ARE_PRIVATE_EXTERN = NO;
				GCC_PRECOMPILE_PREFIX_HEADER = YES;
				GCC_PREFIX_HEADER = mac/Prefix.pch;
				GCC_PREPROCESSOR_DEFINITIONS = (
					USE_FILE32API,
					"CC_ENABLE_CHIPMUNK_INTEGRATION=1",
					NDEBUG,
				);
				GCC_SYMBOLS_PRIVATE_EXTERN = NO;
				HEADER_SEARCH_PATHS = (
					"$(inherited)",
					"$(SRCROOT)/../cocos2d/external/glfw3/include/mac",
				);
				INFOPLIST_FILE = mac/Info.plist;
				LIBRARY_SEARCH_PATHS = "";
				OTHER_LDFLAGS = (
					"$(_COCOS_LIB_MAC_BEGIN)",
					"$(_COCOS_LIB_MAC_END)",
				);
				USER_HEADER_SEARCH_PATHS = "$(_COCOS_HEADER_MAC_BEGIN) $(_COCOS_HEADER_MAC_END)";
			};
			name = Release;
		};
		C01FCF4F08A954540054247B /* Debug */ = {
			isa = XCBuildConfiguration;
			buildSettings = {
				CLANG_CXX_LANGUAGE_STANDARD = "c++0x";
				CLANG_CXX_LIBRARY = "libc++";
				COPY_PHASE_STRIP = NO;
				GCC_OPTIMIZATION_LEVEL = 0;
				GCC_WARN_ABOUT_RETURN_TYPE = YES;
				GCC_WARN_UNUSED_VARIABLE = YES;
				HEADER_SEARCH_PATHS = (
					"$(SRCROOT)/../cocos2d",
					"$(SRCROOT)/../cocos2d/cocos/audio/include",
					"$(SRCROOT)/../cocos2d/cocos",
					"$(SRCROOT)/../cocos2d/extensions",
					"$(SRCROOT)/../cocos2d/external",
					"$(SRCROOT)/../cocos2d/external/chipmunk/include/chipmunk",
					"$(SRCROOT)/../Classes",
				);
				IPHONEOS_DEPLOYMENT_TARGET = 6.0;
				MACOSX_DEPLOYMENT_TARGET = 10.7;
				ONLY_ACTIVE_ARCH = YES;
				PRODUCT_NAME = "$(TARGET_NAME)";
				SDKROOT = macosx;
			};
			name = Debug;
		};
		C01FCF5008A954540054247B /* Release */ = {
			isa = XCBuildConfiguration;
			buildSettings = {
				CLANG_CXX_LANGUAGE_STANDARD = "c++0x";
				CLANG_CXX_LIBRARY = "libc++";
				GCC_WARN_ABOUT_RETURN_TYPE = YES;
				GCC_WARN_UNUSED_VARIABLE = YES;
				HEADER_SEARCH_PATHS = (
					"$(SRCROOT)/../cocos2d",
					"$(SRCROOT)/../cocos2d/cocos/audio/include",
					"$(SRCROOT)/../cocos2d/cocos",
					"$(SRCROOT)/../cocos2d/extensions",
					"$(SRCROOT)/../cocos2d/external",
					"$(SRCROOT)/../cocos2d/external/chipmunk/include/chipmunk",
					"$(SRCROOT)/../Classes",
				);
				IPHONEOS_DEPLOYMENT_TARGET = 6.0;
				MACOSX_DEPLOYMENT_TARGET = 10.7;
				OTHER_CFLAGS = "-DNS_BLOCK_ASSERTIONS=1";
				PRODUCT_NAME = "$(TARGET_NAME)";
				SDKROOT = macosx;
				VALIDATE_PRODUCT = YES;
			};
			name = Release;
		};
/* End XCBuildConfiguration section */

/* Begin XCConfigurationList section */
		1D6058960D05DD3E006BFB54 /* Build configuration list for PBXNativeTarget "TestDragon-mobile" */ = {
			isa = XCConfigurationList;
			buildConfigurations = (
				1D6058940D05DD3E006BFB54 /* Debug */,
				1D6058950D05DD3E006BFB54 /* Release */,
			);
			defaultConfigurationIsVisible = 0;
			defaultConfigurationName = Debug;
		};
		5087E76C17EB910900C73F5D /* Build configuration list for PBXNativeTarget "TestDragon-desktop" */ = {
			isa = XCConfigurationList;
			buildConfigurations = (
				5087E76D17EB910900C73F5D /* Debug */,
				5087E76E17EB910900C73F5D /* Release */,
			);
			defaultConfigurationIsVisible = 0;
			defaultConfigurationName = Debug;
		};
		C01FCF4E08A954540054247B /* Build configuration list for PBXProject "TestDragon" */ = {
			isa = XCConfigurationList;
			buildConfigurations = (
				C01FCF4F08A954540054247B /* Debug */,
				C01FCF5008A954540054247B /* Release */,
			);
			defaultConfigurationIsVisible = 0;
			defaultConfigurationName = Debug;
		};
/* End XCConfigurationList section */
	};
	rootObject = 29B97313FDCFA39411CA2CEA /* Project object */;
}
